#MicroXplorer Configuration settings - do not modify
Mcu.Family=STM32F1
ADC1.Channel-10\#ChannelRegularConversion=ADC_CHANNEL_TEMPSENSOR
RCC.PLLSourceVirtual=RCC_PLLSOURCE_HSE
ProjectManager.MainLocation=Core/Src
PC15-OSC32_OUT.Mode=LSE-External-Oscillator
RCC.MCOFreq_Value=64000000
ProjectManager.ProjectFileName=stm32_builtin_can.ioc
PD1-OSC_OUT.Mode=HSE-External-Oscillator
ProjectManager.KeepUserCode=true
Mcu.UserName=STM32F103C8Tx
Mcu.PinsNb=15
ADC1.Rank-10\#ChannelRegularConversion=1
VP_ADC1_TempSens_Input.Mode=IN-TempSens
ProjectManager.NoMain=false
ADC1.IPParameters=Rank-10\#ChannelRegularConversion,Channel-10\#ChannelRegularConversion,SamplingTime-10\#ChannelRegularConversion,NbrOfConversionFlag,master
CAN.CalculateBaudRate=1000000
RCC.PLLCLKFreq_Value=64000000
PC13-TAMPER-RTC.GPIOParameters=GPIO_Label
ProjectManager.functionlistsort=1-MX_GPIO_Init-GPIO-false-HAL-true,2-SystemClock_Config-RCC-false-HAL-false,3-MX_CAN_Init-CAN-false-HAL-true,4-MX_ADC1_Init-ADC1-false-HAL-true
PC13-TAMPER-RTC.Signal=GPIO_Output
RCC.USBPrescaler=RCC_USBCLKSOURCE_PLL_DIV1_5
PA11.Mode=CAN_Activate
RCC.ADCFreqValue=10666666.666666666
ProjectManager.DefaultFWLocation=true
PD0-OSC_IN.Signal=RCC_OSC_IN
ProjectManager.DeletePrevious=true
RCC.APB1CLKDivider=RCC_HCLK_DIV2
PC14-OSC32_IN.Signal=RCC_OSC32_IN
CAN.CalculateTimeBit=1000.00
PinOutPanel.RotationAngle=0
RCC.FamilyName=M
RCC.SYSCLKSource=RCC_SYSCLKSOURCE_PLLCLK
ProjectManager.StackSize=0x400
PA0-WKUP.Signal=ADCx_IN0
PD1-OSC_OUT.Signal=RCC_OSC_OUT
RCC.ADCPresc=RCC_ADCPCLK2_DIV6
PA13.Signal=SYS_JTMS-SWDIO
Mcu.IP4=SYS
RCC.FCLKCortexFreq_Value=64000000
Mcu.IP2=NVIC
NVIC.SVCall_IRQn=true\:0\:0\:false\:false\:true\:false\:false
Mcu.IP3=RCC
Mcu.IP0=ADC1
Mcu.IP1=CAN
PA12.Signal=CAN_TX
CAN.BS2=CAN_BS2_1TQ
CAN.BS1=CAN_BS1_6TQ
CAN.Prescaler=4
Mcu.UserConstants=
ProjectManager.TargetToolchain=Other Toolchains (GPDSC)
Mcu.ThirdPartyNb=0
RCC.HCLKFreq_Value=64000000
Mcu.IPNb=5
ProjectManager.PreviousToolchain=
RCC.APB2TimFreq_Value=64000000
Mcu.Pin6=PA1
Mcu.Pin7=PB0
ProjectManager.RegisterCallBack=
Mcu.Pin8=PB1
PC13-TAMPER-RTC.Locked=true
RCC.USBFreq_Value=42666666.666666664
Mcu.Pin9=PA11
PC15-OSC32_OUT.Signal=RCC_OSC32_OUT
PA1.Signal=ADCx_IN1
RCC.AHBFreq_Value=64000000
Mcu.Pin0=PC13-TAMPER-RTC
Mcu.Pin1=PC14-OSC32_IN
GPIO.groupedBy=Group By Peripherals
Mcu.Pin2=PC15-OSC32_OUT
PD0-OSC_IN.Mode=HSE-External-Oscillator
Mcu.Pin3=PD0-OSC_IN
Mcu.Pin4=PD1-OSC_OUT
Mcu.Pin5=PA0-WKUP
ProjectManager.ProjectBuild=false
NVIC.UsageFault_IRQn=true\:0\:0\:false\:false\:true\:false\:false
NVIC.DebugMonitor_IRQn=true\:0\:0\:false\:false\:true\:false\:false
board=custom
NVIC.SysTick_IRQn=true\:0\:0\:false\:false\:true\:false\:true
ProjectManager.LastFirmware=true
PC13-TAMPER-RTC.GPIO_Label=LED
RCC.PLLMUL=RCC_PLL_MUL8
RCC.VCOOutput2Freq_Value=8000000
ProjectManager.FirmwarePackage=STM32Cube FW_F1 V1.8.3
MxDb.Version=DB.6.0.10
RCC.APB2Freq_Value=64000000
ProjectManager.BackupPrevious=false
MxCube.Version=6.1.0
PC14-OSC32_IN.Mode=LSE-External-Oscillator
PA14.Mode=Serial_Wire
SH.ADCx_IN0.ConfNb=1
SH.ADCx_IN1.ConfNb=1
VP_ADC1_TempSens_Input.Signal=ADC1_TempSens_Input
File.Version=6
VP_SYS_VS_Systick.Mode=SysTick
SH.ADCx_IN8.0=ADC1_IN8,IN8
NVIC.NonMaskableInt_IRQn=true\:0\:0\:false\:false\:true\:false\:false
SH.ADCx_IN0.0=ADC1_IN0,IN0
CAN.IPParameters=CalculateTimeQuantum,CalculateTimeBit,CalculateBaudRate,BS1,Prescaler,BS2
NVIC.PendSV_IRQn=true\:0\:0\:false\:false\:true\:false\:false
ADC1.SamplingTime-10\#ChannelRegularConversion=ADC_SAMPLETIME_1CYCLE_5
SH.ADCx_IN8.ConfNb=1
PA13.Mode=Serial_Wire
ProjectManager.FreePins=false
RCC.IPParameters=ADCFreqValue,ADCPresc,AHBFreq_Value,APB1CLKDivider,APB1Freq_Value,APB1TimFreq_Value,APB2Freq_Value,APB2TimFreq_Value,FCLKCortexFreq_Value,FamilyName,HCLKFreq_Value,MCOFreq_Value,PLLCLKFreq_Value,PLLMCOFreq_Value,PLLMUL,PLLSourceVirtual,SYSCLKFreq_VALUE,SYSCLKSource,TimSysFreq_Value,USBFreq_Value,USBPrescaler,VCOOutput2Freq_Value
ProjectManager.AskForMigrate=true
Mcu.Name=STM32F103C(8-B)Tx
CAN.CalculateTimeQuantum=125.0
ProjectManager.HalAssertFull=false
ProjectManager.ProjectName=stm32_builtin_can
ProjectManager.UnderRoot=false
RCC.PLLMCOFreq_Value=32000000
ProjectManager.CoupleFile=true
RCC.SYSCLKFreq_VALUE=64000000
Mcu.Package=LQFP48
PB1.Signal=ADCx_IN9
RCC.TimSysFreq_Value=64000000
ADC1.master=1
PA12.Mode=CAN_Activate
NVIC.ForceEnableDMAVector=true
KeepUserPlacement=false
NVIC.MemoryManagement_IRQn=true\:0\:0\:false\:false\:true\:false\:false
ProjectManager.CompilerOptimize=6
ProjectManager.ToolChainLocation=
VP_SYS_VS_Systick.Signal=SYS_VS_Systick
PA11.Signal=CAN_RX
PA14.Signal=SYS_JTCK-SWCLK
ProjectManager.HeapSize=0x200
NVIC.HardFault_IRQn=true\:0\:0\:false\:false\:true\:false\:false
Mcu.Pin13=VP_ADC1_TempSens_Input
Mcu.Pin14=VP_SYS_VS_Systick
SH.ADCx_IN9.0=ADC1_IN9,IN9
ProjectManager.ComputerToolchain=false
NVIC.PriorityGroup=NVIC_PRIORITYGROUP_4
ADC1.NbrOfConversionFlag=1
SH.ADCx_IN1.0=ADC1_IN1,IN1
Mcu.Pin11=PA13
Mcu.Pin12=PA14
Mcu.Pin10=PA12
RCC.APB1TimFreq_Value=64000000
NVIC.BusFault_IRQn=true\:0\:0\:false\:false\:true\:false\:false
SH.ADCx_IN9.ConfNb=1
RCC.APB1Freq_Value=32000000
PB0.Signal=ADCx_IN8
ProjectManager.CustomerFirmwarePackage=
ProjectManager.DeviceId=STM32F103C8Tx
ProjectManager.LibraryCopy=0
