#MicroXplorer Configuration settings - do not modify
Mcu.Family=STM32F1
ProjectManager.MainLocation=Core/Src
RCC.MCOFreq_Value=64000000
PB13.GPIOParameters=GPIO_PuPd,GPIO_Label,GPIO_Mode
PA6.Mode=Full_Duplex_Master
ProjectManager.KeepUserCode=true
Mcu.UserName=STM32F103C8Tx
SPI1.VirtualType=VM_MASTER
PB6.GPIO_Mode=GPIO_MODE_INPUT
PB10.GPIO_PuPd=GPIO_PULLUP
VP_ADC1_TempSens_Input.Mode=IN-TempSens
ADC2.Channel-0\#ChannelRegularConversion=ADC_CHANNEL_8
SH.ADCx_IN2.0=ADC1_IN2,IN2
RCC.PLLCLKFreq_Value=64000000
PC13-TAMPER-RTC.GPIOParameters=GPIO_PuPd,GPIO_Label
PB14.GPIO_Label=ROT_ENC_2_B
ProjectManager.functionlistsort=1-MX_GPIO_Init-GPIO-false-HAL-true,2-SystemClock_Config-RCC-false-HAL-false,3-MX_CAN_Init-CAN-false-HAL-true,4-MX_ADC1_Init-ADC1-false-HAL-true
PA11.Mode=CAN_Activate
RCC.ADCFreqValue=10666666.666666666
PB0.GPIO_Label=PADDLE_LEFT
PB6.GPIO_Label=SW1
PB11.GPIO_PuPd=GPIO_PULLUP
PB13.GPIO_Label=ROT_ENC_2_A
PB11.Signal=GPIO_Input
PB13.Signal=GPIO_Input
PA2.GPIOParameters=GPIO_Label
PinOutPanel.RotationAngle=0
RCC.SYSCLKSource=RCC_SYSCLKSOURCE_PLLCLK
ProjectManager.StackSize=0x400
PB5.GPIOParameters=GPIO_PuPd,GPIO_Label,GPIO_Mode
PD1-OSC_OUT.Signal=RCC_OSC_OUT
Mcu.IP4=RCC
RCC.FCLKCortexFreq_Value=64000000
Mcu.IP5=SPI1
Mcu.IP2=CAN
NVIC.SVCall_IRQn=true\:0\:0\:false\:false\:true\:false\:false
PB7.GPIO_Mode=GPIO_MODE_INPUT
Mcu.IP3=NVIC
PB4.GPIOParameters=GPIO_PuPd,GPIO_Label,GPIO_Mode
Mcu.IP0=ADC1
Mcu.IP1=ADC2
PA12.Signal=CAN_TX
CAN.Prescaler=4
Mcu.UserConstants=
PB4.GPIO_Mode=GPIO_MODE_INPUT
Mcu.ThirdPartyNb=0
SPI1.Direction=SPI_DIRECTION_2LINES
RCC.HCLKFreq_Value=64000000
PB13.GPIO_Mode=GPIO_MODE_INPUT
Mcu.IPNb=7
ProjectManager.PreviousToolchain=
RCC.APB2TimFreq_Value=64000000
PB6.Signal=GPIO_Input
SPI1.CalculateBaudRate=8.0 MBits/s
Mcu.Pin6=PA1
Mcu.Pin7=PA2
Mcu.Pin8=PA4
Mcu.Pin9=PA5
RCC.AHBFreq_Value=64000000
PB13.Locked=true
Mcu.Pin0=PC13-TAMPER-RTC
Mcu.Pin1=PC14-OSC32_IN
GPIO.groupedBy=Group By Peripherals
Mcu.Pin2=PC15-OSC32_OUT
Mcu.Pin3=PD0-OSC_IN
PA0-WKUP.GPIOParameters=GPIO_Label
Mcu.Pin4=PD1-OSC_OUT
Mcu.Pin5=PA0-WKUP
ProjectManager.ProjectBuild=false
NVIC.UsageFault_IRQn=true\:0\:0\:false\:false\:true\:false\:false
NVIC.DebugMonitor_IRQn=true\:0\:0\:false\:false\:true\:false\:false
PA4.GPIO_PuPd=GPIO_PULLUP
PB2.Signal=GPIO_Input
PA4.Locked=true
NVIC.SysTick_IRQn=true\:0\:0\:false\:false\:true\:false\:true
RCC.PLLMUL=RCC_PLL_MUL8
PA4.GPIO_Speed=GPIO_SPEED_FREQ_HIGH
PB12.GPIO_Label=ROT_ENC_1_B
ProjectManager.FirmwarePackage=STM32Cube FW_F1 V1.8.3
MxDb.Version=DB.6.0.10
PB0.GPIOParameters=GPIO_Label
PA1.GPIOParameters=GPIO_Label
ProjectManager.BackupPrevious=false
PC14-OSC32_IN.Mode=LSE-External-Oscillator
PA14.Mode=Serial_Wire
SH.ADCx_IN1.ConfNb=1
PB1.GPIO_Label=PADDLE_RIGHT
File.Version=6
SH.ADCx_IN8.0=ADC2_IN8,IN8
PB7.Signal=GPIO_Input
PB8.Locked=true
SH.ADCx_IN0.0=ADC1_IN0,IN0
PB6.Locked=true
NVIC.PendSV_IRQn=true\:0\:0\:false\:false\:true\:false\:false
PB6.GPIOParameters=GPIO_PuPd,GPIO_Label,GPIO_Mode
CAN.CalculateTimeQuantum=125.0
ProjectManager.HalAssertFull=false
PB2.GPIO_PuPd=GPIO_PULLUP
ProjectManager.ProjectName=steering_wheel
RCC.PLLMCOFreq_Value=32000000
PB7.GPIO_Label=SW2
PB12.GPIO_Mode=GPIO_MODE_INPUT
Mcu.Package=LQFP48
PB9.Signal=GPIO_Input
PB14.GPIO_PuPd=GPIO_PULLUP
PB1.Signal=ADCx_IN9
PA6.Signal=SPI1_MISO
PC13-TAMPER-RTC.GPIO_PuPd=GPIO_PULLDOWN
ProjectManager.ToolChainLocation=
PA2.GPIO_Label=TEMP_GPU
VP_SYS_VS_Systick.Signal=SYS_VS_Systick
PB9.GPIO_PuPd=GPIO_PULLUP
ADC2.SamplingTime-0\#ChannelRegularConversion=ADC_SAMPLETIME_1CYCLE_5
PB14.GPIOParameters=GPIO_PuPd,GPIO_Label,GPIO_Mode
SH.ADCx_IN9.0=ADC2_IN9,IN9
SH.ADCx_IN1.0=ADC1_IN1,IN1
PB5.GPIO_Label=BTN _TOP_RIGHT
RCC.APB1TimFreq_Value=64000000
NVIC.BusFault_IRQn=true\:0\:0\:false\:false\:true\:false\:false
SH.ADCx_IN9.ConfNb=1
PB10.GPIOParameters=GPIO_PuPd,GPIO_Label,GPIO_Mode
PB11.GPIO_Mode=GPIO_MODE_INPUT
ADC2.Rank-0\#ChannelRegularConversion=1
SPI1.BaudRatePrescaler=SPI_BAUDRATEPRESCALER_8
PA4.GPIO_Label=SPI1_NSS
ProjectManager.CustomerFirmwarePackage=
PB4.Signal=GPIO_Input
PA5.Mode=Full_Duplex_Master
PB5.GPIO_Mode=GPIO_MODE_INPUT
PB7.GPIO_PuPd=GPIO_PULLUP
ADC1.Channel-10\#ChannelRegularConversion=ADC_CHANNEL_TEMPSENSOR
RCC.PLLSourceVirtual=RCC_PLLSOURCE_HSE
PC15-OSC32_OUT.Mode=LSE-External-Oscillator
ProjectManager.ProjectFileName=steering_wheel.ioc
PB8.GPIOParameters=GPIO_PuPd,GPIO_Label,GPIO_Mode
PA7.Mode=Full_Duplex_Master
PD1-OSC_OUT.Mode=HSE-External-Oscillator
PB9.GPIO_Label=SW4
Mcu.PinsNb=32
ADC1.Rank-10\#ChannelRegularConversion=1
ProjectManager.NoMain=false
SPI1.IPParameters=VirtualType,Mode,Direction,BaudRatePrescaler,CalculateBaudRate
ADC1.IPParameters=Rank-10\#ChannelRegularConversion,Channel-10\#ChannelRegularConversion,SamplingTime-10\#ChannelRegularConversion,NbrOfConversionFlag,master
CAN.CalculateBaudRate=1000000
PB6.GPIO_PuPd=GPIO_PULLUP
PB8.GPIO_PuPd=GPIO_PULLUP
PB11.GPIO_Label=ROT_ENC_1_A
PC13-TAMPER-RTC.Signal=GPIO_Output
RCC.USBPrescaler=RCC_USBCLKSOURCE_PLL_DIV1_5
ProjectManager.DefaultFWLocation=true
PD0-OSC_IN.Signal=RCC_OSC_IN
PB12.Locked=true
ProjectManager.DeletePrevious=true
PB14.Locked=true
RCC.APB1CLKDivider=RCC_HCLK_DIV2
PB10.Locked=true
PC14-OSC32_IN.Signal=RCC_OSC32_IN
CAN.CalculateTimeBit=1000.00
RCC.FamilyName=M
PA0-WKUP.GPIO_Label=CURR_SENSE
PA0-WKUP.Signal=ADCx_IN0
PB9.GPIOParameters=GPIO_PuPd,GPIO_Label,GPIO_Mode
RCC.ADCPresc=RCC_ADCPCLK2_DIV6
PA13.Signal=SYS_JTMS-SWDIO
PB8.GPIO_Label=SW3
CAN.BS2=CAN_BS2_1TQ
PB10.GPIO_Mode=GPIO_MODE_INPUT
CAN.BS1=CAN_BS1_6TQ
PA4.PinState=GPIO_PIN_SET
ProjectManager.TargetToolchain=Other Toolchains (GPDSC)
PB10.GPIO_Label=SL_DATA
PB7.GPIOParameters=GPIO_PuPd,GPIO_Label,GPIO_Mode
ADC2.IPParameters=Rank-0\#ChannelRegularConversion,Channel-0\#ChannelRegularConversion,SamplingTime-0\#ChannelRegularConversion,NbrOfConversionFlag
PB2.GPIOParameters=GPIO_PuPd,GPIO_Label,GPIO_Mode
PB11.GPIOParameters=GPIO_PuPd,GPIO_Label,GPIO_Mode
PB5.Locked=true
PB9.Locked=true
PB4.GPIO_PuPd=GPIO_PULLUP
ProjectManager.RegisterCallBack=
PC13-TAMPER-RTC.Locked=true
RCC.USBFreq_Value=42666666.666666664
PC15-OSC32_OUT.Signal=RCC_OSC32_OUT
PA1.Signal=ADCx_IN1
PD0-OSC_IN.Mode=HSE-External-Oscillator
PB10.Signal=GPIO_Input
PB14.Signal=GPIO_Input
PA5.Signal=SPI1_SCK
board=custom
ProjectManager.LastFirmware=true
PC13-TAMPER-RTC.GPIO_Label=LED
PB9.GPIO_Mode=GPIO_MODE_INPUT
PB13.GPIO_PuPd=GPIO_PULLUP
RCC.VCOOutput2Freq_Value=8000000
RCC.APB2Freq_Value=64000000
PB2.GPIO_Mode=GPIO_MODE_INPUT
MxCube.Version=6.1.0
PB4.GPIO_Label=BTN_TOP_LEFT
SPI1.Mode=SPI_MODE_MASTER
SH.ADCx_IN0.ConfNb=1
SH.ADCx_IN2.ConfNb=1
VP_ADC1_TempSens_Input.Signal=ADC1_TempSens_Input
Mcu.Pin30=VP_ADC1_TempSens_Input
PA1.GPIO_Label=TEMP_BRD
VP_SYS_VS_Systick.Mode=SysTick
Mcu.Pin31=VP_SYS_VS_Systick
NVIC.NonMaskableInt_IRQn=true\:0\:0\:false\:false\:true\:false\:false
PA4.GPIOParameters=GPIO_Speed,PinState,GPIO_PuPd,GPIO_Label
CAN.IPParameters=CalculateTimeQuantum,CalculateTimeBit,CalculateBaudRate,BS1,Prescaler,BS2
ADC1.SamplingTime-10\#ChannelRegularConversion=ADC_SAMPLETIME_1CYCLE_5
SH.ADCx_IN8.ConfNb=1
PA13.Mode=Serial_Wire
ProjectManager.FreePins=false
RCC.IPParameters=ADCFreqValue,ADCPresc,AHBFreq_Value,APB1CLKDivider,APB1Freq_Value,APB1TimFreq_Value,APB2Freq_Value,APB2TimFreq_Value,FCLKCortexFreq_Value,FamilyName,HCLKFreq_Value,MCOFreq_Value,PLLCLKFreq_Value,PLLMCOFreq_Value,PLLMUL,PLLSourceVirtual,SYSCLKFreq_VALUE,SYSCLKSource,TimSysFreq_Value,USBFreq_Value,USBPrescaler,VCOOutput2Freq_Value
ProjectManager.AskForMigrate=true
Mcu.Name=STM32F103C(8-B)Tx
Mcu.Pin26=PB6
Mcu.Pin27=PB7
PA2.Signal=ADCx_IN2
Mcu.Pin24=PB4
ProjectManager.UnderRoot=false
Mcu.Pin25=PB5
PB2.Locked=true
Mcu.Pin28=PB8
Mcu.IP6=SYS
Mcu.Pin29=PB9
ProjectManager.CoupleFile=true
PB4.Locked=true
PA4.Signal=GPIO_Output
RCC.SYSCLKFreq_VALUE=64000000
PB5.Signal=GPIO_Input
Mcu.Pin22=PA13
Mcu.Pin23=PA14
RCC.TimSysFreq_Value=64000000
Mcu.Pin20=PA11
ADC1.master=1
Mcu.Pin21=PA12
PA12.Mode=CAN_Activate
ADC2.NbrOfConversionFlag=1
NVIC.ForceEnableDMAVector=true
KeepUserPlacement=false
PB5.GPIO_PuPd=GPIO_PULLUP
NVIC.MemoryManagement_IRQn=true\:0\:0\:false\:false\:true\:false\:false
ProjectManager.CompilerOptimize=6
PA11.Signal=CAN_RX
PA14.Signal=SYS_JTCK-SWCLK
PB2.GPIO_Label=BTN_MIDDLE
ProjectManager.HeapSize=0x200
Mcu.Pin15=PB10
NVIC.HardFault_IRQn=true\:0\:0\:false\:false\:true\:false\:false
Mcu.Pin16=PB11
Mcu.Pin13=PB1
Mcu.Pin14=PB2
Mcu.Pin19=PB14
ProjectManager.ComputerToolchain=false
Mcu.Pin17=PB12
Mcu.Pin18=PB13
NVIC.PriorityGroup=NVIC_PRIORITYGROUP_4
ADC1.NbrOfConversionFlag=1
Mcu.Pin11=PA7
Mcu.Pin12=PB0
Mcu.Pin10=PA6
PB7.Locked=true
PB8.Signal=GPIO_Input
PB12.GPIO_PuPd=GPIO_PULLUP
PB8.GPIO_Mode=GPIO_MODE_INPUT
RCC.APB1Freq_Value=32000000
PB0.Signal=ADCx_IN8
PB14.GPIO_Mode=GPIO_MODE_INPUT
PB11.Locked=true
ProjectManager.DeviceId=STM32F103C8Tx
PB12.GPIOParameters=GPIO_PuPd,GPIO_Label,GPIO_Mode
PB12.Signal=GPIO_Input
ProjectManager.LibraryCopy=0
PB1.GPIOParameters=GPIO_Label
PA7.Signal=SPI1_MOSI
