version: 6
environments:
  default:
    channels:
    - url: https://conda.anaconda.org/conda-forge/
    options:
      pypi-prerelease-mode: if-necessary-or-explicit
    packages:
      linux-64:
      - conda: https://conda.anaconda.org/conda-forge/linux-64/_openmp_mutex-4.5-20_gnu.conda
      - conda: https://conda.anaconda.org/conda-forge/linux-64/libgcc-15.2.0-he0feb66_18.conda
      - conda: https://conda.anaconda.org/conda-forge/linux-64/libgomp-15.2.0-he0feb66_18.conda
      - conda: https://conda.anaconda.org/conda-forge/linux-64/libstdcxx-15.2.0-h934c35e_18.conda
      - conda: https://conda.anaconda.org/conda-forge/linux-64/uncrustify-0.81.0-h5888daf_0.conda
      linux-aarch64:
      - conda: https://conda.anaconda.org/conda-forge/linux-aarch64/_openmp_mutex-4.5-20_gnu.conda
      - conda: https://conda.anaconda.org/conda-forge/linux-aarch64/libgcc-15.2.0-h8acb6b2_18.conda
      - conda: https://conda.anaconda.org/conda-forge/linux-aarch64/libgomp-15.2.0-h8acb6b2_18.conda
      - conda: https://conda.anaconda.org/conda-forge/linux-aarch64/libstdcxx-15.2.0-hef695bb_18.conda
      - conda: https://conda.anaconda.org/conda-forge/linux-aarch64/uncrustify-0.81.0-h5ad3122_0.conda
      osx-64:
      - conda: https://conda.anaconda.org/conda-forge/osx-64/libcxx-22.1.2-h19cb2f5_0.conda
      - conda: https://conda.anaconda.org/conda-forge/osx-64/uncrustify-0.81.0-h240833e_0.conda
      osx-arm64:
      - conda: https://conda.anaconda.org/conda-forge/osx-arm64/libcxx-22.1.2-h55c6f16_0.conda
      - conda: https://conda.anaconda.org/conda-forge/osx-arm64/uncrustify-0.81.0-h286801f_0.conda
packages:
- conda: https://conda.anaconda.org/conda-forge/linux-64/_openmp_mutex-4.5-20_gnu.conda
  build_number: 20
  sha256: 1dd3fffd892081df9726d7eb7e0dea6198962ba775bd88842135a4ddb4deb3c9
  md5: a9f577daf3de00bca7c3c76c0ecbd1de
  depends:
  - __glibc >=2.17,<3.0.a0
  - libgomp >=7.5.0
  constrains:
  - openmp_impl <0.0a0
  license: BSD-3-Clause
  license_family: BSD
  size: 28948
  timestamp: 1770939786096
- conda: https://conda.anaconda.org/conda-forge/linux-aarch64/_openmp_mutex-4.5-20_gnu.conda
  build_number: 20
  sha256: a2527b1d81792a0ccd2c05850960df119c2b6d8f5fdec97f2db7d25dc23b1068
  md5: 468fd3bb9e1f671d36c2cbc677e56f1d
  depends:
  - libgomp >=7.5.0
  constrains:
  - openmp_impl <0.0a0
  license: BSD-3-Clause
  license_family: BSD
  size: 28926
  timestamp: 1770939656741
- conda: https://conda.anaconda.org/conda-forge/osx-64/libcxx-22.1.2-h19cb2f5_0.conda
  sha256: 46561199545890e050a8a90edcfce984e5f881da86b09388926e3a6c6b759dec
  md5: ed6f7b7a35f942a0301e581d72616f7d
  depends:
  - __osx >=11.0
  license: Apache-2.0 WITH LLVM-exception
  license_family: Apache
  size: 564908
  timestamp: 1774439353713
- conda: https://conda.anaconda.org/conda-forge/osx-arm64/libcxx-22.1.2-h55c6f16_0.conda
  sha256: d1402087c8792461bfc081629e8aa97e6e577a31ae0b84e6b9cc144a18f48067
  md5: 4280e0a7fd613b271e022e60dea0138c
  depends:
  - __osx >=11.0
  license: Apache-2.0 WITH LLVM-exception
  license_family: Apache
  size: 568094
  timestamp: 1774439202359
- conda: https://conda.anaconda.org/conda-forge/linux-64/libgcc-15.2.0-he0feb66_18.conda
  sha256: faf7d2017b4d718951e3a59d081eb09759152f93038479b768e3d612688f83f5
  md5: 0aa00f03f9e39fb9876085dee11a85d4
  depends:
  - __glibc >=2.17,<3.0.a0
  - _openmp_mutex >=4.5
  constrains:
  - libgcc-ng ==15.2.0=*_18
  - libgomp 15.2.0 he0feb66_18
  license: GPL-3.0-only WITH GCC-exception-3.1
  license_family: GPL
  size: 1041788
  timestamp: 1771378212382
- conda: https://conda.anaconda.org/conda-forge/linux-aarch64/libgcc-15.2.0-h8acb6b2_18.conda
  sha256: 43df385bedc1cab11993c4369e1f3b04b4ca5d0ea16cba6a0e7f18dbc129fcc9
  md5: 552567ea2b61e3a3035759b2fdb3f9a6
  depends:
  - _openmp_mutex >=4.5
  constrains:
  - libgcc-ng ==15.2.0=*_18
  - libgomp 15.2.0 h8acb6b2_18
  license: GPL-3.0-only WITH GCC-exception-3.1
  license_family: GPL
  size: 622900
  timestamp: 1771378128706
- conda: https://conda.anaconda.org/conda-forge/linux-64/libgomp-15.2.0-he0feb66_18.conda
  sha256: 21337ab58e5e0649d869ab168d4e609b033509de22521de1bfed0c031bfc5110
  md5: 239c5e9546c38a1e884d69effcf4c882
  depends:
  - __glibc >=2.17,<3.0.a0
  license: GPL-3.0-only WITH GCC-exception-3.1
  license_family: GPL
  size: 603262
  timestamp: 1771378117851
- conda: https://conda.anaconda.org/conda-forge/linux-aarch64/libgomp-15.2.0-h8acb6b2_18.conda
  sha256: fc716f11a6a8525e27a5d332ef6a689210b0d2a4dd1133edc0f530659aa9faa6
  md5: 4faa39bf919939602e594253bd673958
  license: GPL-3.0-only WITH GCC-exception-3.1
  license_family: GPL
  size: 588060
  timestamp: 1771378040807
- conda: https://conda.anaconda.org/conda-forge/linux-64/libstdcxx-15.2.0-h934c35e_18.conda
  sha256: 78668020064fdaa27e9ab65cd2997e2c837b564ab26ce3bf0e58a2ce1a525c6e
  md5: 1b08cd684f34175e4514474793d44bcb
  depends:
  - __glibc >=2.17,<3.0.a0
  - libgcc 15.2.0 he0feb66_18
  constrains:
  - libstdcxx-ng ==15.2.0=*_18
  license: GPL-3.0-only WITH GCC-exception-3.1
  license_family: GPL
  size: 5852330
  timestamp: 1771378262446
- conda: https://conda.anaconda.org/conda-forge/linux-aarch64/libstdcxx-15.2.0-hef695bb_18.conda
  sha256: 31fdb9ffafad106a213192d8319b9f810e05abca9c5436b60e507afb35a6bc40
  md5: f56573d05e3b735cb03efeb64a15f388
  depends:
  - libgcc 15.2.0 h8acb6b2_18
  constrains:
  - libstdcxx-ng ==15.2.0=*_18
  license: GPL-3.0-only WITH GCC-exception-3.1
  license_family: GPL
  size: 5541411
  timestamp: 1771378162499
- conda: https://conda.anaconda.org/conda-forge/linux-64/uncrustify-0.81.0-h5888daf_0.conda
  sha256: f0b3ad46b173de03c45134b16d7be0b5bdaff344cccb6a4d205850809c1a4dca
  md5: c2310445798370fe622fc6b03d79a3a4
  depends:
  - __glibc >=2.17,<3.0.a0
  - libgcc >=13
  - libstdcxx >=13
  license: GPL-2.0-only
  license_family: GPL
  size: 650318
  timestamp: 1747514389910
- conda: https://conda.anaconda.org/conda-forge/linux-aarch64/uncrustify-0.81.0-h5ad3122_0.conda
  sha256: d886da4b98a0b38eebcfc80a0818def69d4d735c98f548d678dcac1f1e859c4c
  md5: 0a56cd95bc8308d26db08135328b4f62
  depends:
  - libgcc >=13
  - libstdcxx >=13
  license: GPL-2.0-only
  license_family: GPL
  size: 636572
  timestamp: 1747514438016
- conda: https://conda.anaconda.org/conda-forge/osx-64/uncrustify-0.81.0-h240833e_0.conda
  sha256: ad6517167d17398df0525f98acdbefc58150e41ba8c64b522993047860616b21
  md5: faa269cf6e118cbb3c0ea8e6cce40026
  depends:
  - __osx >=10.13
  - libcxx >=18
  license: GPL-2.0-only
  license_family: GPL
  size: 565167
  timestamp: 1747514544440
- conda: https://conda.anaconda.org/conda-forge/osx-arm64/uncrustify-0.81.0-h286801f_0.conda
  sha256: 27c90ec707ed48dd3c02c68d69c96508e419b7a2f59bf06c01687e729594bf8d
  md5: b7ccf88050c409410385bec64cafa412
  depends:
  - __osx >=11.0
  - libcxx >=18
  license: GPL-2.0-only
  license_family: GPL
  size: 540919
  timestamp: 1747514576305
