version = 1
revision = 3
requires-python = ">=3.10"

[[package]]
name = "argparse-addons"
version = "0.12.0"
source = { registry = "https://pypi.org/simple" }
sdist = { url = "https://files.pythonhosted.org/packages/9e/35/33ecca1cdbebc5397a77f66edbc20ab76265176f7e3511b7696008ad9038/argparse_addons-0.12.0.tar.gz", hash = "sha256:6322a0dcd706887e76308d23136d5b86da0eab75a282dc6496701d1210b460af", size = 3780, upload-time = "2023-01-29T15:52:13.862Z" }
wheels = [
    { url = "https://files.pythonhosted.org/packages/c1/41/629e70c4cb32c1ddb88de970cd174bbb43d8241c8e07bdffc62a8280297c/argparse_addons-0.12.0-py3-none-any.whl", hash = "sha256:48b70ecd719054fcb0d7e6f25a1fecc13607aac61d446e83f47d211b4ead0d61", size = 3310, upload-time = "2023-01-29T15:52:12.255Z" },
]

[[package]]
name = "bitstruct"
version = "8.21.0"
source = { registry = "https://pypi.org/simple" }
sdist = { url = "https://files.pythonhosted.org/packages/ae/f5/ba6bf7ab575a095bb3d76ef40cccd4e60b1bda9996bfba8e640d54c00488/bitstruct-8.21.0.tar.gz", hash = "sha256:ff0be4968a45caf8688e075f55cca7a3fe9212b069ba67e5b27b0926a11948ac", size = 35597, upload-time = "2025-05-13T15:49:00.268Z" }
wheels = [
    { url = "https://files.pythonhosted.org/packages/49/74/fb25d5dbb11dcebb1054182aa4fde9d4f83b98ea6524f28ea418b759ed9e/bitstruct-8.21.0-cp310-cp310-macosx_10_9_x86_64.whl", hash = "sha256:dcc4d9d09ed713af523dab5f1980229fc5280163d534589fcf9660c38be3a3aa", size = 37897, upload-time = "2025-05-13T15:47:55.103Z" },
    { url = "https://files.pythonhosted.org/packages/80/36/4bc924d0e3158a3e4f1cf42af6f4916cc85c95ebb2b445a869b3b32e2328/bitstruct-8.21.0-cp310-cp310-macosx_11_0_arm64.whl", hash = "sha256:f3e2882e4c62c25a5e0f925715281197150dcf98a3a043e322872068e3aa2e63", size = 38437, upload-time = "2025-05-13T15:47:56.413Z" },
    { url = "https://files.pythonhosted.org/packages/71/1d/6f0634c74a48182bc6a4d81a34ff85d3be8ae0bad21e361163b96d0374fb/bitstruct-8.21.0-cp310-cp310-manylinux_2_17_aarch64.manylinux2014_aarch64.whl", hash = "sha256:27e49eef9f47c3b570e4142dd39384a04bcbf8e37a6c9ac5acc6c1f26f2a0e83", size = 82651, upload-time = "2025-05-13T15:47:57.315Z" },
    { url = "https://files.pythonhosted.org/packages/02/d5/b648af1a4fd4346c996fb10da04263bf7b8570b1a77bf1a7c88e1a37297a/bitstruct-8.21.0-cp310-cp310-manylinux_2_17_armv7l.manylinux2014_armv7l.manylinux_2_31_armv7l.whl", hash = "sha256:1f694e86c9e6a93bc087bb21292a02246afd314ebe093dd312f22ac8e6ae16dd", size = 84230, upload-time = "2025-05-13T15:47:58.252Z" },
    { url = "https://files.pythonhosted.org/packages/9a/6e/15cbc39b8b096f277ee5f0d874691cde3a88b6376d6ea8af4fd1eced9972/bitstruct-8.21.0-cp310-cp310-manylinux_2_17_x86_64.manylinux2014_x86_64.whl", hash = "sha256:2ce075da108d7f1365441d4c79ebf327fd51c7269ccc5df883684d35fee224d9", size = 81228, upload-time = "2025-05-13T15:47:59.146Z" },
    { url = "https://files.pythonhosted.org/packages/99/02/e6cbe00af40641afdecabe94716331d184cfb20a5f824d734078d304b7f6/bitstruct-8.21.0-cp310-cp310-manylinux_2_5_i686.manylinux1_i686.manylinux_2_17_i686.manylinux2014_i686.whl", hash = "sha256:1bd9e07e8024ba76204fef264f6f63c8a5e409bb6b06b1b0e67d08cd02171f94", size = 75740, upload-time = "2025-05-13T15:48:00.317Z" },
    { url = "https://files.pythonhosted.org/packages/05/a5/fe29fe46b32ae1207c99f2b79934bcfdfba02df51c4362673f373e227fac/bitstruct-8.21.0-cp310-cp310-musllinux_1_2_aarch64.whl", hash = "sha256:8b338be695a7209b56dcdb9f2f7a6da3f812c1ee25308f51051c831c63504806", size = 79786, upload-time = "2025-05-13T15:48:01.242Z" },
    { url = "https://files.pythonhosted.org/packages/b2/89/7389f5b4deaf1760bfcf578b1d4cf0c3be8891bd32f4b9c20c56cef3d3f0/bitstruct-8.21.0-cp310-cp310-musllinux_1_2_armv7l.whl", hash = "sha256:d6e12098f64d9f8c43ca49c39aea72e7ab9cae957f2562e0eef990bf29473c5c", size = 75898, upload-time = "2025-05-13T15:48:02.072Z" },
    { url = "https://files.pythonhosted.org/packages/28/9c/2cdb76aba0363fa25d99b3ed615160cb5ef6c59f10dfec2a4d36646b3588/bitstruct-8.21.0-cp310-cp310-musllinux_1_2_i686.whl", hash = "sha256:8ca9c13155c15a5d85682f49cb90cc3b62e84702f281226061055254b05d84fb", size = 74081, upload-time = "2025-05-13T15:48:02.959Z" },
    { url = "https://files.pythonhosted.org/packages/3a/ec/866fe3e5ab69e4c36ca2981034be72d6cbe4839ce5db1c08166864526644/bitstruct-8.21.0-cp310-cp310-musllinux_1_2_x86_64.whl", hash = "sha256:771c7037718d9cb19cd60ccf9c6caa2e39fea1719ca1d499c25c7b8134ca1e33", size = 79028, upload-time = "2025-05-13T15:48:03.987Z" },
    { url = "https://files.pythonhosted.org/packages/2d/ee/2ae6fd23143b7ca609313b5216292d73b6e057002c9a3c86c9e79557c11d/bitstruct-8.21.0-cp310-cp310-win32.whl", hash = "sha256:dfd02a001f1224cc94c04fcf6fd6ae07bb2c34a949ac968e0c4a477390e9d20e", size = 34843, upload-time = "2025-05-13T15:48:04.831Z" },
    { url = "https://files.pythonhosted.org/packages/0b/9f/3d15ab6319c4d80687bbebc97326d40f3d5b3f6be0979c7ab64d46c1a756/bitstruct-8.21.0-cp310-cp310-win_amd64.whl", hash = "sha256:50fc1700ceef3049a9c9d9963538e56a229354b4dd5701ebb04cf96452a9cf56", size = 36850, upload-time = "2025-05-13T15:48:05.685Z" },
    { url = "https://files.pythonhosted.org/packages/2f/f9/7fd48eba504533f27742c7ad2525cf472150be5c480db54097991379aabb/bitstruct-8.21.0-cp311-cp311-macosx_10_9_x86_64.whl", hash = "sha256:4ed2ebdceec1372330a4a9318a3c46983417015a160e46e27348fe7e53f8831a", size = 37890, upload-time = "2025-05-13T15:48:06.551Z" },
    { url = "https://files.pythonhosted.org/packages/76/a9/daf8d4a36fbdcaf46ea9fe4f3c5f7b088d35d9e003545c2e398398e6c30e/bitstruct-8.21.0-cp311-cp311-macosx_11_0_arm64.whl", hash = "sha256:3969761b8b37fc6f868180389e8587ed7e04b078d6a03c20a4f30c7024fa8389", size = 38437, upload-time = "2025-05-13T15:48:07.371Z" },
    { url = "https://files.pythonhosted.org/packages/9e/cc/cf9f70de02840fafc0968e01cefefb4739cb4b473e5805029edbf16f4370/bitstruct-8.21.0-cp311-cp311-manylinux_2_17_aarch64.manylinux2014_aarch64.whl", hash = "sha256:1f068e77c20d97bf21e693aa641e7d55c1473186f328476ba1a363f131194f42", size = 84364, upload-time = "2025-05-13T15:48:08.31Z" },
    { url = "https://files.pythonhosted.org/packages/20/cd/65733278cf5f2c6ac1d22e165d24779c5701da2811368b0ed977b0e5706a/bitstruct-8.21.0-cp311-cp311-manylinux_2_17_armv7l.manylinux2014_armv7l.manylinux_2_31_armv7l.whl", hash = "sha256:c8c296b5358564ef956140bc0489510659e67e8e03703ef5533a7d3bdf3be1b0", size = 86688, upload-time = "2025-05-13T15:48:09.522Z" },
    { url = "https://files.pythonhosted.org/packages/94/cf/c1d157506ca389a51dcf0c7b474926ff7ada937f290e456648815b43eaec/bitstruct-8.21.0-cp311-cp311-manylinux_2_17_x86_64.manylinux2014_x86_64.whl", hash = "sha256:760cb4993e056f514465e5801f4f1e99fab39f30c18ef5663c66aa1dd8fec3be", size = 82945, upload-time = "2025-05-13T15:48:10.466Z" },
    { url = "https://files.pythonhosted.org/packages/90/9a/2e0b8ea7cf0d06ed2d009bc4dbd0920921716fa5a66eee3f6f723dbd5ba7/bitstruct-8.21.0-cp311-cp311-manylinux_2_5_i686.manylinux1_i686.manylinux_2_17_i686.manylinux2014_i686.whl", hash = "sha256:b5c6d1b0aa8a842ddb97f5473d2e514f599417fc3cf73d4eaa117d9400f23293", size = 77667, upload-time = "2025-05-13T15:48:11.377Z" },
    { url = "https://files.pythonhosted.org/packages/10/b5/bcf7ac5b58b475e2565c0aaa56d09317b24781cee999bf18a0f782c51cc2/bitstruct-8.21.0-cp311-cp311-musllinux_1_2_aarch64.whl", hash = "sha256:796347dae4e9162d31cdbe69e6225edb21bd3cccf476a7fbdc6dc7d506064bc2", size = 81458, upload-time = "2025-05-13T15:48:12.567Z" },
    { url = "https://files.pythonhosted.org/packages/2b/62/913cc3b274bc666b5f48af63d1d411f298528febe1866eb6054d37ad3500/bitstruct-8.21.0-cp311-cp311-musllinux_1_2_armv7l.whl", hash = "sha256:214bb06f69c6abaf2f8b707fe709ccf60d9c75a68736f0bf57354b7b8843cbae", size = 77569, upload-time = "2025-05-13T15:48:15.917Z" },
    { url = "https://files.pythonhosted.org/packages/04/ab/87e8d084259d07220e8c868de115b0f0b0b88beb4651531352af93315615/bitstruct-8.21.0-cp311-cp311-musllinux_1_2_i686.whl", hash = "sha256:89a39783a8af94e3fdf42e69f99928c780abd40842715e5cbc49429de6f0c2a6", size = 75569, upload-time = "2025-05-13T15:48:16.833Z" },
    { url = "https://files.pythonhosted.org/packages/0e/58/de694199149d6a769f19807f0d04138de0ebfcb0c20ce546a6814f28c138/bitstruct-8.21.0-cp311-cp311-musllinux_1_2_x86_64.whl", hash = "sha256:8d249947093c3b6d6c9c2ee286d9398bf5a2231a1225a1f0efb7fa52eaa252bb", size = 80606, upload-time = "2025-05-13T15:48:18.229Z" },
    { url = "https://files.pythonhosted.org/packages/5e/6c/335ec432b9f9cc293657bf0cab1af9a597f54faf2ed235cc5cbb674ff158/bitstruct-8.21.0-cp311-cp311-win32.whl", hash = "sha256:e0bca81bb7e4cd76fbd3cf39e7b4a4bc53cbd12b996542e369ad67bb7a52ef8f", size = 34834, upload-time = "2025-05-13T15:48:19.192Z" },
    { url = "https://files.pythonhosted.org/packages/8b/a0/35116543bef28c6617a13cf77765aaca43d9ef0c20da12b83ac43f296289/bitstruct-8.21.0-cp311-cp311-win_amd64.whl", hash = "sha256:0be6dbc5fd0777877215edc516b84fabe9b94c37d46f8828c0c7b485e6ba6f88", size = 36842, upload-time = "2025-05-13T15:48:20Z" },
    { url = "https://files.pythonhosted.org/packages/5f/7e/2d93931410f1f2fa104076811be96e5a57f78197f10f5848bd5594120a58/bitstruct-8.21.0-cp312-cp312-macosx_10_13_x86_64.whl", hash = "sha256:c83ec458453ed9950ff3735b9ad5d6a19b33317729abc5aebdf11b2768b05634", size = 38170, upload-time = "2025-05-13T15:48:20.795Z" },
    { url = "https://files.pythonhosted.org/packages/52/80/bb6be4ad966efeb2ded4394ac39819d729948464718f55f3f116c2d3e521/bitstruct-8.21.0-cp312-cp312-macosx_11_0_arm64.whl", hash = "sha256:426364d4054009003da15e37f95bd683762398949b7c544215d2613f192bc1d7", size = 38497, upload-time = "2025-05-13T15:48:21.694Z" },
    { url = "https://files.pythonhosted.org/packages/20/15/d88dc97564cbbeba53c9f039a1a9c6b174a36286681e6f4528f3722f9914/bitstruct-8.21.0-cp312-cp312-manylinux_2_17_aarch64.manylinux2014_aarch64.whl", hash = "sha256:e1b970bed311aa269ea765bc32444beabc38e27acf203bf027b9d87a5f175e2e", size = 84881, upload-time = "2025-05-13T15:48:22.989Z" },
    { url = "https://files.pythonhosted.org/packages/4a/3d/32dbb382f31ac6fd0bfe6d624eb130c33cda6b452bc981d05fa66a36821a/bitstruct-8.21.0-cp312-cp312-manylinux_2_17_armv7l.manylinux2014_armv7l.manylinux_2_31_armv7l.whl", hash = "sha256:64734ad9df02f366f6f60cc0dd20368f64e9e8d9fb739b19fc6acfd3c17e1c22", size = 87456, upload-time = "2025-05-13T15:48:23.85Z" },
    { url = "https://files.pythonhosted.org/packages/2b/b3/b2508269f443a20dbf528fb353332ccddb8824ec70853551c8cbc93d8ea6/bitstruct-8.21.0-cp312-cp312-manylinux_2_17_x86_64.manylinux2014_x86_64.whl", hash = "sha256:a8c18a9d6f5b5164ce18c2b764b0974f36809419f7084def7882b9ba411614bf", size = 83738, upload-time = "2025-05-13T15:48:24.705Z" },
    { url = "https://files.pythonhosted.org/packages/f0/10/b65e288b0603ae7fb1e2efe9650a9bd48dfd1e6351625e48a87831d9d3af/bitstruct-8.21.0-cp312-cp312-manylinux_2_5_i686.manylinux1_i686.manylinux_2_17_i686.manylinux2014_i686.whl", hash = "sha256:08aef3b4652183315ce44cebb48c6a9bac4d6f3516757e072557e0eb7ed361a8", size = 78068, upload-time = "2025-05-13T15:48:26.11Z" },
    { url = "https://files.pythonhosted.org/packages/d5/c8/541ad41960a9458bceb15cf1943180aeb6b5275417695f653d1880bae701/bitstruct-8.21.0-cp312-cp312-musllinux_1_2_aarch64.whl", hash = "sha256:9d93b09fdc8aa503c2e8f3a68ee33e9bd3c4147de361ac3a92318f5465d4e234", size = 81721, upload-time = "2025-05-13T15:48:27.278Z" },
    { url = "https://files.pythonhosted.org/packages/f7/bb/bb81392d1afb856ce89c3f8aea2f8d58ab7c27b9b36819232406e9a839d6/bitstruct-8.21.0-cp312-cp312-musllinux_1_2_armv7l.whl", hash = "sha256:9cfe200b35e618517af8e3827cf7a9b508015f391d4a7bb02f71be71e3be4581", size = 78260, upload-time = "2025-05-13T15:48:28.202Z" },
    { url = "https://files.pythonhosted.org/packages/39/29/81742366a9dd43317113cda0f6d094c092a5a65191a43cad7a78144a0dcb/bitstruct-8.21.0-cp312-cp312-musllinux_1_2_i686.whl", hash = "sha256:0e08bbb442d0cb36f993ff2756b68332b0d19eae4775f63c29ca29ccd95a7fc1", size = 76075, upload-time = "2025-05-13T15:48:29.162Z" },
    { url = "https://files.pythonhosted.org/packages/8e/72/953225f5925de89f1e69f49f09e685ad11c567c1b64ca1c842063e0b90c8/bitstruct-8.21.0-cp312-cp312-musllinux_1_2_x86_64.whl", hash = "sha256:5e803bb72bf786295dadf8c38b82f5e5339abf4eae8929b042f79580e071b411", size = 81234, upload-time = "2025-05-13T15:48:30.12Z" },
    { url = "https://files.pythonhosted.org/packages/ee/44/619c685bf775325c19437f5a8675bc1abd9b47dc8294b56fb05260e6ffc1/bitstruct-8.21.0-cp312-cp312-win32.whl", hash = "sha256:ffd0aefc9fc5f31cf02afea2ae93a38fe8c4785102aca9b6a40d33f44df1419b", size = 34810, upload-time = "2025-05-13T15:48:30.962Z" },
    { url = "https://files.pythonhosted.org/packages/ec/6f/a466e73cffe390da29ca82e344c6973640ea035cefc8e342f8d977898bf3/bitstruct-8.21.0-cp312-cp312-win_amd64.whl", hash = "sha256:516bdd523f3955630fcf21bed40007e49384904248ce9b232339f1307320dcce", size = 36932, upload-time = "2025-05-13T15:48:31.776Z" },
    { url = "https://files.pythonhosted.org/packages/0c/25/859028eaa6cbf66504d7aecc71e3bd6f6bac3193fb6ec233be0a85067ea8/bitstruct-8.21.0-cp313-cp313-macosx_10_13_x86_64.whl", hash = "sha256:55c114181188984cd214b432ea791c1c1d463d66b745e4d98451f214bc70a913", size = 38182, upload-time = "2025-05-13T15:48:32.671Z" },
    { url = "https://files.pythonhosted.org/packages/02/00/bbc2d706207436b61ef5cf7d695c822e5e616b3a8a2f6bb72322dba19e85/bitstruct-8.21.0-cp313-cp313-macosx_11_0_arm64.whl", hash = "sha256:8eba4a6b62d5fb27a7256268e5ae72d5698aa05f6600bcf8ac8e4ed7dc0257fe", size = 38473, upload-time = "2025-05-13T15:48:33.518Z" },
    { url = "https://files.pythonhosted.org/packages/58/fd/b2df4df5e882fbf19b0064f6cdebc84c44476005121ed324d17517dbb2bd/bitstruct-8.21.0-cp313-cp313-manylinux_2_17_aarch64.manylinux2014_aarch64.whl", hash = "sha256:5661d549dbd7222dc8c8ca0642ba119663b8989cec84ca897a00f8f8eae05666", size = 84840, upload-time = "2025-05-13T15:48:34.334Z" },
    { url = "https://files.pythonhosted.org/packages/29/0b/c0303d4a868de68dfba7a3ed7f03e79770c5288896205eba4fb93f934760/bitstruct-8.21.0-cp313-cp313-manylinux_2_17_armv7l.manylinux2014_armv7l.manylinux_2_31_armv7l.whl", hash = "sha256:7f2c5b8a0fae90432312df763f4798ee0bf280a88f87e83b461aa0d62c2a40a6", size = 86084, upload-time = "2025-05-13T15:48:35.309Z" },
    { url = "https://files.pythonhosted.org/packages/f9/3d/2fc35185f25dd14623b95413abd1bae325bc2cbf811cc77da59a31db2f25/bitstruct-8.21.0-cp313-cp313-manylinux_2_17_x86_64.manylinux2014_x86_64.whl", hash = "sha256:8b2325c5480474c6ecda1e61ffc5e0d2ce2b87c7125dd108ab6c2457fd36d30d", size = 83654, upload-time = "2025-05-13T15:48:36.638Z" },
    { url = "https://files.pythonhosted.org/packages/f0/4c/26fea1d4ab16cd10dbea1085f440ddcc7377d8d631a2e91d7d96ac788ece/bitstruct-8.21.0-cp313-cp313-manylinux_2_5_i686.manylinux1_i686.manylinux_2_17_i686.manylinux2014_i686.whl", hash = "sha256:19fd5a131a9f96e428ed9b96b770fbac6b18d6a90b40c8290af9a7ad1875c7b1", size = 78018, upload-time = "2025-05-13T15:48:37.495Z" },
    { url = "https://files.pythonhosted.org/packages/c3/66/3aaa0c7678958dbd70f29e8429f51f1cb10363c4ee21f4c66f761e6a4497/bitstruct-8.21.0-cp313-cp313-musllinux_1_2_aarch64.whl", hash = "sha256:f413d7854081669dfdbd57ab444066ac81fa2277204eed4a03ed7bb750ecc7d5", size = 81778, upload-time = "2025-05-13T15:48:38.347Z" },
    { url = "https://files.pythonhosted.org/packages/8c/d3/8c93a7acbbefa6918f845a8ff68825ddfd21d3fe2de3240d69c957ae57de/bitstruct-8.21.0-cp313-cp313-musllinux_1_2_armv7l.whl", hash = "sha256:b88912f6942cc6a952a910bfb382b0883717e82a96d20e9bc80e20605373d5bb", size = 78316, upload-time = "2025-05-13T15:48:39.584Z" },
    { url = "https://files.pythonhosted.org/packages/83/c2/976642a7f339e4835e8ff7478edd9137ff4c99dc5134a4867fd0266e3659/bitstruct-8.21.0-cp313-cp313-musllinux_1_2_i686.whl", hash = "sha256:bf0ea3876f3c02999c0f32a200e8871b0e6822351be60d4524f8526cfc24018a", size = 76127, upload-time = "2025-05-13T15:48:40.789Z" },
    { url = "https://files.pythonhosted.org/packages/72/58/aed86d66c492475e5d3d3be95938c9ce09fcf79a460b6fc425a7bc885608/bitstruct-8.21.0-cp313-cp313-musllinux_1_2_x86_64.whl", hash = "sha256:efcd8ecbd52e97701ff4cdb68c6d6ec423fc6c90ad9d0d95c171c6630df645e5", size = 81283, upload-time = "2025-05-13T15:48:41.722Z" },
    { url = "https://files.pythonhosted.org/packages/24/81/9eec9e530ef7102f26fdcec2f6a51242332a6cacf6fc715ec88378b61682/bitstruct-8.21.0-cp313-cp313-win32.whl", hash = "sha256:403bb9f4ed45decdb8d20143c59b780d953201cdf2e3567e5e608da807f1aa1f", size = 34812, upload-time = "2025-05-13T15:48:42.577Z" },
    { url = "https://files.pythonhosted.org/packages/66/1d/32e5f22ca15e2f626fa7afd404d84341bdc05a7cc30d1e8517f399762e8b/bitstruct-8.21.0-cp313-cp313-win_amd64.whl", hash = "sha256:91c34823a6bcff40a2b482b298c62e01cc2f5c11f32f6d3cf94ca9cfbf3ae75d", size = 36931, upload-time = "2025-05-13T15:48:46.182Z" },
]

[[package]]
name = "cantools"
version = "41.0.2"
source = { registry = "https://pypi.org/simple" }
dependencies = [
    { name = "argparse-addons" },
    { name = "bitstruct" },
    { name = "crccheck" },
    { name = "diskcache" },
    { name = "python-can" },
    { name = "textparser" },
]
sdist = { url = "https://files.pythonhosted.org/packages/59/d1/09143be6f90c619d89a0aef3bbc47ee891ee124f4d99e2c8236b5ea3374b/cantools-41.0.2.tar.gz", hash = "sha256:5c91a66e5e03a4ac5727f20207df1da5681748a154c2bc85ef532fef9e0109d1", size = 1016778, upload-time = "2025-11-30T21:47:33.773Z" }
wheels = [
    { url = "https://files.pythonhosted.org/packages/a1/44/70b3d3651f09324ce1dba28dcd759b693e8bcb7cd6d6817ef8f5492cf7ef/cantools-41.0.2-py3-none-any.whl", hash = "sha256:0241bdc31aa31b2d60e7e6b2393820035c2ee833e2575d20dfd275908f365432", size = 158139, upload-time = "2025-11-30T21:47:32.582Z" },
]

[[package]]
name = "cascadia-programmer"
version = "0.1.0"
source = { virtual = "." }
dependencies = [
    { name = "cantools" },
    { name = "pyyaml" },
]

[package.metadata]
requires-dist = [
    { name = "cantools", specifier = "==41.0.2" },
    { name = "pyyaml", specifier = "==6.0.1" },
]

[[package]]
name = "crccheck"
version = "1.3.1"
source = { registry = "https://pypi.org/simple" }
sdist = { url = "https://files.pythonhosted.org/packages/3c/d1/a943f4f1ca899917cc3fe1cb89d59348edd1b407503e4b02608e8d6b421e/crccheck-1.3.1.tar.gz", hash = "sha256:1544c0110bf0a697d875d4f29dc40d7079f9d4d402a9317383f55f90ca72563a", size = 41696, upload-time = "2025-07-10T07:01:08.683Z" }
wheels = [
    { url = "https://files.pythonhosted.org/packages/01/b5/68a9054be852e61f31de1be4e8d95802646b93344ce17c2380a1748706fa/crccheck-1.3.1-py3-none-any.whl", hash = "sha256:1680c9a7bb1ca4bec45fa19b8ca64319f10d2ce4eb8b0d25d51cb99a20ca0108", size = 24608, upload-time = "2025-07-10T07:01:07.25Z" },
]

[[package]]
name = "diskcache"
version = "5.6.3"
source = { registry = "https://pypi.org/simple" }
sdist = { url = "https://files.pythonhosted.org/packages/3f/21/1c1ffc1a039ddcc459db43cc108658f32c57d271d7289a2794e401d0fdb6/diskcache-5.6.3.tar.gz", hash = "sha256:2c3a3fa2743d8535d832ec61c2054a1641f41775aa7c556758a109941e33e4fc", size = 67916, upload-time = "2023-08-31T06:12:00.316Z" }
wheels = [
    { url = "https://files.pythonhosted.org/packages/3f/27/4570e78fc0bf5ea0ca45eb1de3818a23787af9b390c0b0a0033a1b8236f9/diskcache-5.6.3-py3-none-any.whl", hash = "sha256:5e31b2d5fbad117cc363ebaf6b689474db18a1f6438bc82358b024abd4c2ca19", size = 45550, upload-time = "2023-08-31T06:11:58.822Z" },
]

[[package]]
name = "packaging"
version = "25.0"
source = { registry = "https://pypi.org/simple" }
sdist = { url = "https://files.pythonhosted.org/packages/a1/d4/1fc4078c65507b51b96ca8f8c3ba19e6a61c8253c72794544580a7b6c24d/packaging-25.0.tar.gz", hash = "sha256:d443872c98d677bf60f6a1f2f8c1cb748e8fe762d2bf9d3148b5599295b0fc4f", size = 165727, upload-time = "2025-04-19T11:48:59.673Z" }
wheels = [
    { url = "https://files.pythonhosted.org/packages/20/12/38679034af332785aac8774540895e234f4d07f7545804097de4b666afd8/packaging-25.0-py3-none-any.whl", hash = "sha256:29572ef2b1f17581046b3a2227d5c611fb25ec70ca1ba8554b24b0e69331a484", size = 66469, upload-time = "2025-04-19T11:48:57.875Z" },
]

[[package]]
name = "python-can"
version = "4.6.1"
source = { registry = "https://pypi.org/simple" }
dependencies = [
    { name = "packaging" },
    { name = "typing-extensions" },
    { name = "wrapt" },
]
sdist = { url = "https://files.pythonhosted.org/packages/74/f9/a9d99d36dd33be5badb747801c9255c3c526171a5542092eaacc73350fb8/python_can-4.6.1.tar.gz", hash = "sha256:290fea135d04b8504ebff33889cc6d301e2181a54099116609f940825ffe5005", size = 1206049, upload-time = "2025-08-12T07:44:58.314Z" }
wheels = [
    { url = "https://files.pythonhosted.org/packages/58/34/e4ac153acdbcfba7f48bc73d6586a74c91cc919fcc2e29acbf81be329d1f/python_can-4.6.1-py3-none-any.whl", hash = "sha256:17f95255868a95108dcfcb90565a684dad32d5a3ebb35afd14f739e18c84ff6c", size = 276996, upload-time = "2025-08-12T07:44:56.55Z" },
]

[[package]]
name = "pyyaml"
version = "6.0.1"
source = { registry = "https://pypi.org/simple" }
sdist = { url = "https://files.pythonhosted.org/packages/cd/e5/af35f7ea75cf72f2cd079c95ee16797de7cd71f29ea7c68ae5ce7be1eda0/PyYAML-6.0.1.tar.gz", hash = "sha256:bfdf460b1736c775f2ba9f6a92bca30bc2095067b8a9d77876d1fad6cc3b4a43", size = 125201, upload-time = "2023-07-18T00:00:23.308Z" }
wheels = [
    { url = "https://files.pythonhosted.org/packages/96/06/4beb652c0fe16834032e54f0956443d4cc797fe645527acee59e7deaa0a2/PyYAML-6.0.1-cp310-cp310-macosx_10_9_x86_64.whl", hash = "sha256:d858aa552c999bc8a8d57426ed01e40bef403cd8ccdd0fc5f6f04a00414cac2a", size = 189447, upload-time = "2023-07-17T23:57:04.325Z" },
    { url = "https://files.pythonhosted.org/packages/5b/07/10033a403b23405a8fc48975444463d3d10a5c2736b7eb2550b07b367429/PyYAML-6.0.1-cp310-cp310-macosx_11_0_arm64.whl", hash = "sha256:fd66fc5d0da6d9815ba2cebeb4205f95818ff4b79c3ebe268e75d961704af52f", size = 169264, upload-time = "2023-07-17T23:57:07.787Z" },
    { url = "https://files.pythonhosted.org/packages/f1/26/55e4f21db1f72eaef092015d9017c11510e7e6301c62a6cfee91295d13c6/PyYAML-6.0.1-cp310-cp310-manylinux_2_17_aarch64.manylinux2014_aarch64.whl", hash = "sha256:69b023b2b4daa7548bcfbd4aa3da05b3a74b772db9e23b982788168117739938", size = 677003, upload-time = "2023-07-17T23:57:13.144Z" },
    { url = "https://files.pythonhosted.org/packages/ba/91/090818dfa62e85181f3ae23dd1e8b7ea7f09684864a900cab72d29c57346/PyYAML-6.0.1-cp310-cp310-manylinux_2_17_s390x.manylinux2014_s390x.whl", hash = "sha256:81e0b275a9ecc9c0c0c07b4b90ba548307583c125f54d5b6946cfee6360c733d", size = 699070, upload-time = "2023-07-17T23:57:19.402Z" },
    { url = "https://files.pythonhosted.org/packages/29/61/bf33c6c85c55bc45a29eee3195848ff2d518d84735eb0e2d8cb42e0d285e/PyYAML-6.0.1-cp310-cp310-manylinux_2_17_x86_64.manylinux2014_x86_64.whl", hash = "sha256:ba336e390cd8e4d1739f42dfe9bb83a3cc2e80f567d8805e11b46f4a943f5515", size = 705525, upload-time = "2023-07-17T23:57:25.272Z" },
    { url = "https://files.pythonhosted.org/packages/07/91/45dfd0ef821a7f41d9d0136ea3608bb5b1653e42fd56a7970532cb5c003f/PyYAML-6.0.1-cp310-cp310-musllinux_1_1_x86_64.whl", hash = "sha256:326c013efe8048858a6d312ddd31d56e468118ad4cdeda36c719bf5bb6192290", size = 707514, upload-time = "2023-08-28T18:43:20.945Z" },
    { url = "https://files.pythonhosted.org/packages/b6/a0/b6700da5d49e9fed49dc3243d3771b598dad07abb37cc32e524607f96adc/PyYAML-6.0.1-cp310-cp310-win32.whl", hash = "sha256:bd4af7373a854424dabd882decdc5579653d7868b8fb26dc7d0e99f823aa5924", size = 130488, upload-time = "2023-07-17T23:57:28.144Z" },
    { url = "https://files.pythonhosted.org/packages/24/97/9b59b43431f98d01806b288532da38099cc6f2fea0f3d712e21e269c0279/PyYAML-6.0.1-cp310-cp310-win_amd64.whl", hash = "sha256:fd1592b3fdf65fff2ad0004b5e363300ef59ced41c2e6b3a99d4089fa8c5435d", size = 145338, upload-time = "2023-07-17T23:57:31.118Z" },
    { url = "https://files.pythonhosted.org/packages/ec/0d/26fb23e8863e0aeaac0c64e03fd27367ad2ae3f3cccf3798ee98ce160368/PyYAML-6.0.1-cp311-cp311-macosx_10_9_x86_64.whl", hash = "sha256:6965a7bc3cf88e5a1c3bd2e0b5c22f8d677dc88a455344035f03399034eb3007", size = 187867, upload-time = "2023-07-17T23:57:34.35Z" },
    { url = "https://files.pythonhosted.org/packages/28/09/55f715ddbf95a054b764b547f617e22f1d5e45d83905660e9a088078fe67/PyYAML-6.0.1-cp311-cp311-macosx_11_0_arm64.whl", hash = "sha256:f003ed9ad21d6a4713f0a9b5a7a0a79e08dd0f221aff4525a2be4c346ee60aab", size = 167530, upload-time = "2023-07-17T23:57:36.975Z" },
    { url = "https://files.pythonhosted.org/packages/5e/94/7d5ee059dfb92ca9e62f4057dcdec9ac08a9e42679644854dc01177f8145/PyYAML-6.0.1-cp311-cp311-manylinux_2_17_aarch64.manylinux2014_aarch64.whl", hash = "sha256:42f8152b8dbc4fe7d96729ec2b99c7097d656dc1213a3229ca5383f973a5ed6d", size = 732244, upload-time = "2023-07-17T23:57:43.774Z" },
    { url = "https://files.pythonhosted.org/packages/06/92/e0224aa6ebf9dc54a06a4609da37da40bb08d126f5535d81bff6b417b2ae/PyYAML-6.0.1-cp311-cp311-manylinux_2_17_s390x.manylinux2014_s390x.whl", hash = "sha256:062582fca9fabdd2c8b54a3ef1c978d786e0f6b3a1510e0ac93ef59e0ddae2bc", size = 752871, upload-time = "2023-07-17T23:57:51.921Z" },
    { url = "https://files.pythonhosted.org/packages/7b/5e/efd033ab7199a0b2044dab3b9f7a4f6670e6a52c089de572e928d2873b06/PyYAML-6.0.1-cp311-cp311-manylinux_2_17_x86_64.manylinux2014_x86_64.whl", hash = "sha256:d2b04aac4d386b172d5b9692e2d2da8de7bfb6c387fa4f801fbf6fb2e6ba4673", size = 757729, upload-time = "2023-07-17T23:57:59.865Z" },
    { url = "https://files.pythonhosted.org/packages/03/5c/c4671451b2f1d76ebe352c0945d4cd13500adb5d05f5a51ee296d80152f7/PyYAML-6.0.1-cp311-cp311-musllinux_1_1_x86_64.whl", hash = "sha256:e7d73685e87afe9f3b36c799222440d6cf362062f78be1013661b00c5c6f678b", size = 748528, upload-time = "2023-08-28T18:43:23.207Z" },
    { url = "https://files.pythonhosted.org/packages/73/9c/766e78d1efc0d1fca637a6b62cea1b4510a7fb93617eb805223294fef681/PyYAML-6.0.1-cp311-cp311-win32.whl", hash = "sha256:1635fd110e8d85d55237ab316b5b011de701ea0f29d07611174a1b42f1444741", size = 130286, upload-time = "2023-07-17T23:58:02.964Z" },
    { url = "https://files.pythonhosted.org/packages/b3/34/65bb4b2d7908044963ebf614fe0fdb080773fc7030d7e39c8d3eddcd4257/PyYAML-6.0.1-cp311-cp311-win_amd64.whl", hash = "sha256:bf07ee2fef7014951eeb99f56f39c9bb4af143d8aa3c21b1677805985307da34", size = 144699, upload-time = "2023-07-17T23:58:05.586Z" },
    { url = "https://files.pythonhosted.org/packages/bc/06/1b305bf6aa704343be85444c9d011f626c763abb40c0edc1cad13bfd7f86/PyYAML-6.0.1-cp312-cp312-macosx_10_9_x86_64.whl", hash = "sha256:855fb52b0dc35af121542a76b9a84f8d1cd886ea97c84703eaa6d88e37a2ad28", size = 178692, upload-time = "2023-08-28T18:43:24.924Z" },
    { url = "https://files.pythonhosted.org/packages/84/02/404de95ced348b73dd84f70e15a41843d817ff8c1744516bf78358f2ffd2/PyYAML-6.0.1-cp312-cp312-macosx_11_0_arm64.whl", hash = "sha256:40df9b996c2b73138957fe23a16a4f0ba614f4c0efce1e9406a184b6d07fa3a9", size = 165622, upload-time = "2023-08-28T18:43:26.54Z" },
    { url = "https://files.pythonhosted.org/packages/c7/4c/4a2908632fc980da6d918b9de9c1d9d7d7e70b2672b1ad5166ed27841ef7/PyYAML-6.0.1-cp312-cp312-manylinux_2_17_aarch64.manylinux2014_aarch64.whl", hash = "sha256:a08c6f0fe150303c1c6b71ebcd7213c2858041a7e01975da3a99aed1e7a378ef", size = 696937, upload-time = "2024-01-18T20:40:22.92Z" },
    { url = "https://files.pythonhosted.org/packages/b4/33/720548182ffa8344418126017aa1d4ab4aeec9a2275f04ce3f3573d8ace8/PyYAML-6.0.1-cp312-cp312-manylinux_2_17_x86_64.manylinux2014_x86_64.whl", hash = "sha256:6c22bec3fbe2524cde73d7ada88f6566758a8f7227bfbf93a408a9d86bcc12a0", size = 724969, upload-time = "2023-08-28T18:43:28.56Z" },
    { url = "https://files.pythonhosted.org/packages/4f/78/77b40157b6cb5f2d3d31a3d9b2efd1ba3505371f76730d267e8b32cf4b7f/PyYAML-6.0.1-cp312-cp312-musllinux_1_1_x86_64.whl", hash = "sha256:8d4e9c88387b0f5c7d5f281e55304de64cf7f9c0021a3525bd3b1c542da3b0e4", size = 712604, upload-time = "2023-08-28T18:43:30.206Z" },
    { url = "https://files.pythonhosted.org/packages/2e/97/3e0e089ee85e840f4b15bfa00e4e63d84a3691ababbfea92d6f820ea6f21/PyYAML-6.0.1-cp312-cp312-win32.whl", hash = "sha256:d483d2cdf104e7c9fa60c544d92981f12ad66a457afae824d146093b8c294c54", size = 126098, upload-time = "2023-08-28T18:43:31.835Z" },
    { url = "https://files.pythonhosted.org/packages/2b/9f/fbade56564ad486809c27b322d0f7e6a89c01f6b4fe208402e90d4443a99/PyYAML-6.0.1-cp312-cp312-win_amd64.whl", hash = "sha256:0d3304d8c0adc42be59c5f8a4d9e3d7379e6955ad754aa9d6ab7a398b59dd1df", size = 138675, upload-time = "2023-08-28T18:43:33.613Z" },
]

[[package]]
name = "textparser"
version = "0.24.0"
source = { registry = "https://pypi.org/simple" }
sdist = { url = "https://files.pythonhosted.org/packages/64/90/6a829d064411788144dbc5567c0d95e7d0403ad3c372dc9a4b3ea202e26b/textparser-0.24.0.tar.gz", hash = "sha256:56f708e75aa9d002adb76d823ba6ef166d7ecec1e3e4ca4c1ca103f817568335", size = 13545, upload-time = "2022-04-16T09:03:19.825Z" }
wheels = [
    { url = "https://files.pythonhosted.org/packages/68/f9/a9e18dea98b73f24b5575d742a9ad6d7db0762973429e3c36353dad4dd0d/textparser-0.24.0-py3-none-any.whl", hash = "sha256:379d25cdb21332f403bfa37b9ef11192b7796340d2602d88fc9246bfdba2a1cf", size = 8275, upload-time = "2022-04-16T09:03:18.789Z" },
]

[[package]]
name = "typing-extensions"
version = "4.15.0"
source = { registry = "https://pypi.org/simple" }
sdist = { url = "https://files.pythonhosted.org/packages/72/94/1a15dd82efb362ac84269196e94cf00f187f7ed21c242792a923cdb1c61f/typing_extensions-4.15.0.tar.gz", hash = "sha256:0cea48d173cc12fa28ecabc3b837ea3cf6f38c6d1136f85cbaaf598984861466", size = 109391, upload-time = "2025-08-25T13:49:26.313Z" }
wheels = [
    { url = "https://files.pythonhosted.org/packages/18/67/36e9267722cc04a6b9f15c7f3441c2363321a3ea07da7ae0c0707beb2a9c/typing_extensions-4.15.0-py3-none-any.whl", hash = "sha256:f0fa19c6845758ab08074a0cfa8b7aecb71c999ca73d62883bc25cc018c4e548", size = 44614, upload-time = "2025-08-25T13:49:24.86Z" },
]

[[package]]
name = "wrapt"
version = "1.17.3"
source = { registry = "https://pypi.org/simple" }
sdist = { url = "https://files.pythonhosted.org/packages/95/8f/aeb76c5b46e273670962298c23e7ddde79916cb74db802131d49a85e4b7d/wrapt-1.17.3.tar.gz", hash = "sha256:f66eb08feaa410fe4eebd17f2a2c8e2e46d3476e9f8c783daa8e09e0faa666d0", size = 55547, upload-time = "2025-08-12T05:53:21.714Z" }
wheels = [
    { url = "https://files.pythonhosted.org/packages/3f/23/bb82321b86411eb51e5a5db3fb8f8032fd30bd7c2d74bfe936136b2fa1d6/wrapt-1.17.3-cp310-cp310-macosx_10_9_universal2.whl", hash = "sha256:88bbae4d40d5a46142e70d58bf664a89b6b4befaea7b2ecc14e03cedb8e06c04", size = 53482, upload-time = "2025-08-12T05:51:44.467Z" },
    { url = "https://files.pythonhosted.org/packages/45/69/f3c47642b79485a30a59c63f6d739ed779fb4cc8323205d047d741d55220/wrapt-1.17.3-cp310-cp310-macosx_10_9_x86_64.whl", hash = "sha256:e6b13af258d6a9ad602d57d889f83b9d5543acd471eee12eb51f5b01f8eb1bc2", size = 38676, upload-time = "2025-08-12T05:51:32.636Z" },
    { url = "https://files.pythonhosted.org/packages/d1/71/e7e7f5670c1eafd9e990438e69d8fb46fa91a50785332e06b560c869454f/wrapt-1.17.3-cp310-cp310-macosx_11_0_arm64.whl", hash = "sha256:fd341868a4b6714a5962c1af0bd44f7c404ef78720c7de4892901e540417111c", size = 38957, upload-time = "2025-08-12T05:51:54.655Z" },
    { url = "https://files.pythonhosted.org/packages/de/17/9f8f86755c191d6779d7ddead1a53c7a8aa18bccb7cea8e7e72dfa6a8a09/wrapt-1.17.3-cp310-cp310-manylinux1_x86_64.manylinux_2_28_x86_64.manylinux_2_5_x86_64.whl", hash = "sha256:f9b2601381be482f70e5d1051a5965c25fb3625455a2bf520b5a077b22afb775", size = 81975, upload-time = "2025-08-12T05:52:30.109Z" },
    { url = "https://files.pythonhosted.org/packages/f2/15/dd576273491f9f43dd09fce517f6c2ce6eb4fe21681726068db0d0467096/wrapt-1.17.3-cp310-cp310-manylinux2014_aarch64.manylinux_2_17_aarch64.manylinux_2_28_aarch64.whl", hash = "sha256:343e44b2a8e60e06a7e0d29c1671a0d9951f59174f3709962b5143f60a2a98bd", size = 83149, upload-time = "2025-08-12T05:52:09.316Z" },
    { url = "https://files.pythonhosted.org/packages/0c/c4/5eb4ce0d4814521fee7aa806264bf7a114e748ad05110441cd5b8a5c744b/wrapt-1.17.3-cp310-cp310-musllinux_1_2_aarch64.whl", hash = "sha256:33486899acd2d7d3066156b03465b949da3fd41a5da6e394ec49d271baefcf05", size = 82209, upload-time = "2025-08-12T05:52:10.331Z" },
    { url = "https://files.pythonhosted.org/packages/31/4b/819e9e0eb5c8dc86f60dfc42aa4e2c0d6c3db8732bce93cc752e604bb5f5/wrapt-1.17.3-cp310-cp310-musllinux_1_2_x86_64.whl", hash = "sha256:e6f40a8aa5a92f150bdb3e1c44b7e98fb7113955b2e5394122fa5532fec4b418", size = 81551, upload-time = "2025-08-12T05:52:31.137Z" },
    { url = "https://files.pythonhosted.org/packages/f8/83/ed6baf89ba3a56694700139698cf703aac9f0f9eb03dab92f57551bd5385/wrapt-1.17.3-cp310-cp310-win32.whl", hash = "sha256:a36692b8491d30a8c75f1dfee65bef119d6f39ea84ee04d9f9311f83c5ad9390", size = 36464, upload-time = "2025-08-12T05:53:01.204Z" },
    { url = "https://files.pythonhosted.org/packages/2f/90/ee61d36862340ad7e9d15a02529df6b948676b9a5829fd5e16640156627d/wrapt-1.17.3-cp310-cp310-win_amd64.whl", hash = "sha256:afd964fd43b10c12213574db492cb8f73b2f0826c8df07a68288f8f19af2ebe6", size = 38748, upload-time = "2025-08-12T05:53:00.209Z" },
    { url = "https://files.pythonhosted.org/packages/bd/c3/cefe0bd330d389c9983ced15d326f45373f4073c9f4a8c2f99b50bfea329/wrapt-1.17.3-cp310-cp310-win_arm64.whl", hash = "sha256:af338aa93554be859173c39c85243970dc6a289fa907402289eeae7543e1ae18", size = 36810, upload-time = "2025-08-12T05:52:51.906Z" },
    { url = "https://files.pythonhosted.org/packages/52/db/00e2a219213856074a213503fdac0511203dceefff26e1daa15250cc01a0/wrapt-1.17.3-cp311-cp311-macosx_10_9_universal2.whl", hash = "sha256:273a736c4645e63ac582c60a56b0acb529ef07f78e08dc6bfadf6a46b19c0da7", size = 53482, upload-time = "2025-08-12T05:51:45.79Z" },
    { url = "https://files.pythonhosted.org/packages/5e/30/ca3c4a5eba478408572096fe9ce36e6e915994dd26a4e9e98b4f729c06d9/wrapt-1.17.3-cp311-cp311-macosx_10_9_x86_64.whl", hash = "sha256:5531d911795e3f935a9c23eb1c8c03c211661a5060aab167065896bbf62a5f85", size = 38674, upload-time = "2025-08-12T05:51:34.629Z" },
    { url = "https://files.pythonhosted.org/packages/31/25/3e8cc2c46b5329c5957cec959cb76a10718e1a513309c31399a4dad07eb3/wrapt-1.17.3-cp311-cp311-macosx_11_0_arm64.whl", hash = "sha256:0610b46293c59a3adbae3dee552b648b984176f8562ee0dba099a56cfbe4df1f", size = 38959, upload-time = "2025-08-12T05:51:56.074Z" },
    { url = "https://files.pythonhosted.org/packages/5d/8f/a32a99fc03e4b37e31b57cb9cefc65050ea08147a8ce12f288616b05ef54/wrapt-1.17.3-cp311-cp311-manylinux1_x86_64.manylinux_2_28_x86_64.manylinux_2_5_x86_64.whl", hash = "sha256:b32888aad8b6e68f83a8fdccbf3165f5469702a7544472bdf41f582970ed3311", size = 82376, upload-time = "2025-08-12T05:52:32.134Z" },
    { url = "https://files.pythonhosted.org/packages/31/57/4930cb8d9d70d59c27ee1332a318c20291749b4fba31f113c2f8ac49a72e/wrapt-1.17.3-cp311-cp311-manylinux2014_aarch64.manylinux_2_17_aarch64.manylinux_2_28_aarch64.whl", hash = "sha256:8cccf4f81371f257440c88faed6b74f1053eef90807b77e31ca057b2db74edb1", size = 83604, upload-time = "2025-08-12T05:52:11.663Z" },
    { url = "https://files.pythonhosted.org/packages/a8/f3/1afd48de81d63dd66e01b263a6fbb86e1b5053b419b9b33d13e1f6d0f7d0/wrapt-1.17.3-cp311-cp311-musllinux_1_2_aarch64.whl", hash = "sha256:d8a210b158a34164de8bb68b0e7780041a903d7b00c87e906fb69928bf7890d5", size = 82782, upload-time = "2025-08-12T05:52:12.626Z" },
    { url = "https://files.pythonhosted.org/packages/1e/d7/4ad5327612173b144998232f98a85bb24b60c352afb73bc48e3e0d2bdc4e/wrapt-1.17.3-cp311-cp311-musllinux_1_2_x86_64.whl", hash = "sha256:79573c24a46ce11aab457b472efd8d125e5a51da2d1d24387666cd85f54c05b2", size = 82076, upload-time = "2025-08-12T05:52:33.168Z" },
    { url = "https://files.pythonhosted.org/packages/bb/59/e0adfc831674a65694f18ea6dc821f9fcb9ec82c2ce7e3d73a88ba2e8718/wrapt-1.17.3-cp311-cp311-win32.whl", hash = "sha256:c31eebe420a9a5d2887b13000b043ff6ca27c452a9a22fa71f35f118e8d4bf89", size = 36457, upload-time = "2025-08-12T05:53:03.936Z" },
    { url = "https://files.pythonhosted.org/packages/83/88/16b7231ba49861b6f75fc309b11012ede4d6b0a9c90969d9e0db8d991aeb/wrapt-1.17.3-cp311-cp311-win_amd64.whl", hash = "sha256:0b1831115c97f0663cb77aa27d381237e73ad4f721391a9bfb2fe8bc25fa6e77", size = 38745, upload-time = "2025-08-12T05:53:02.885Z" },
    { url = "https://files.pythonhosted.org/packages/9a/1e/c4d4f3398ec073012c51d1c8d87f715f56765444e1a4b11e5180577b7e6e/wrapt-1.17.3-cp311-cp311-win_arm64.whl", hash = "sha256:5a7b3c1ee8265eb4c8f1b7d29943f195c00673f5ab60c192eba2d4a7eae5f46a", size = 36806, upload-time = "2025-08-12T05:52:53.368Z" },
    { url = "https://files.pythonhosted.org/packages/9f/41/cad1aba93e752f1f9268c77270da3c469883d56e2798e7df6240dcb2287b/wrapt-1.17.3-cp312-cp312-macosx_10_13_universal2.whl", hash = "sha256:ab232e7fdb44cdfbf55fc3afa31bcdb0d8980b9b95c38b6405df2acb672af0e0", size = 53998, upload-time = "2025-08-12T05:51:47.138Z" },
    { url = "https://files.pythonhosted.org/packages/60/f8/096a7cc13097a1869fe44efe68dace40d2a16ecb853141394047f0780b96/wrapt-1.17.3-cp312-cp312-macosx_10_13_x86_64.whl", hash = "sha256:9baa544e6acc91130e926e8c802a17f3b16fbea0fd441b5a60f5cf2cc5c3deba", size = 39020, upload-time = "2025-08-12T05:51:35.906Z" },
    { url = "https://files.pythonhosted.org/packages/33/df/bdf864b8997aab4febb96a9ae5c124f700a5abd9b5e13d2a3214ec4be705/wrapt-1.17.3-cp312-cp312-macosx_11_0_arm64.whl", hash = "sha256:6b538e31eca1a7ea4605e44f81a48aa24c4632a277431a6ed3f328835901f4fd", size = 39098, upload-time = "2025-08-12T05:51:57.474Z" },
    { url = "https://files.pythonhosted.org/packages/9f/81/5d931d78d0eb732b95dc3ddaeeb71c8bb572fb01356e9133916cd729ecdd/wrapt-1.17.3-cp312-cp312-manylinux1_x86_64.manylinux_2_28_x86_64.manylinux_2_5_x86_64.whl", hash = "sha256:042ec3bb8f319c147b1301f2393bc19dba6e176b7da446853406d041c36c7828", size = 88036, upload-time = "2025-08-12T05:52:34.784Z" },
    { url = "https://files.pythonhosted.org/packages/ca/38/2e1785df03b3d72d34fc6252d91d9d12dc27a5c89caef3335a1bbb8908ca/wrapt-1.17.3-cp312-cp312-manylinux2014_aarch64.manylinux_2_17_aarch64.manylinux_2_28_aarch64.whl", hash = "sha256:3af60380ba0b7b5aeb329bc4e402acd25bd877e98b3727b0135cb5c2efdaefe9", size = 88156, upload-time = "2025-08-12T05:52:13.599Z" },
    { url = "https://files.pythonhosted.org/packages/b3/8b/48cdb60fe0603e34e05cffda0b2a4adab81fd43718e11111a4b0100fd7c1/wrapt-1.17.3-cp312-cp312-musllinux_1_2_aarch64.whl", hash = "sha256:0b02e424deef65c9f7326d8c19220a2c9040c51dc165cddb732f16198c168396", size = 87102, upload-time = "2025-08-12T05:52:14.56Z" },
    { url = "https://files.pythonhosted.org/packages/3c/51/d81abca783b58f40a154f1b2c56db1d2d9e0d04fa2d4224e357529f57a57/wrapt-1.17.3-cp312-cp312-musllinux_1_2_x86_64.whl", hash = "sha256:74afa28374a3c3a11b3b5e5fca0ae03bef8450d6aa3ab3a1e2c30e3a75d023dc", size = 87732, upload-time = "2025-08-12T05:52:36.165Z" },
    { url = "https://files.pythonhosted.org/packages/9e/b1/43b286ca1392a006d5336412d41663eeef1ad57485f3e52c767376ba7e5a/wrapt-1.17.3-cp312-cp312-win32.whl", hash = "sha256:4da9f45279fff3543c371d5ababc57a0384f70be244de7759c85a7f989cb4ebe", size = 36705, upload-time = "2025-08-12T05:53:07.123Z" },
    { url = "https://files.pythonhosted.org/packages/28/de/49493f962bd3c586ab4b88066e967aa2e0703d6ef2c43aa28cb83bf7b507/wrapt-1.17.3-cp312-cp312-win_amd64.whl", hash = "sha256:e71d5c6ebac14875668a1e90baf2ea0ef5b7ac7918355850c0908ae82bcb297c", size = 38877, upload-time = "2025-08-12T05:53:05.436Z" },
    { url = "https://files.pythonhosted.org/packages/f1/48/0f7102fe9cb1e8a5a77f80d4f0956d62d97034bbe88d33e94699f99d181d/wrapt-1.17.3-cp312-cp312-win_arm64.whl", hash = "sha256:604d076c55e2fdd4c1c03d06dc1a31b95130010517b5019db15365ec4a405fc6", size = 36885, upload-time = "2025-08-12T05:52:54.367Z" },
    { url = "https://files.pythonhosted.org/packages/fc/f6/759ece88472157acb55fc195e5b116e06730f1b651b5b314c66291729193/wrapt-1.17.3-cp313-cp313-macosx_10_13_universal2.whl", hash = "sha256:a47681378a0439215912ef542c45a783484d4dd82bac412b71e59cf9c0e1cea0", size = 54003, upload-time = "2025-08-12T05:51:48.627Z" },
    { url = "https://files.pythonhosted.org/packages/4f/a9/49940b9dc6d47027dc850c116d79b4155f15c08547d04db0f07121499347/wrapt-1.17.3-cp313-cp313-macosx_10_13_x86_64.whl", hash = "sha256:54a30837587c6ee3cd1a4d1c2ec5d24e77984d44e2f34547e2323ddb4e22eb77", size = 39025, upload-time = "2025-08-12T05:51:37.156Z" },
    { url = "https://files.pythonhosted.org/packages/45/35/6a08de0f2c96dcdd7fe464d7420ddb9a7655a6561150e5fc4da9356aeaab/wrapt-1.17.3-cp313-cp313-macosx_11_0_arm64.whl", hash = "sha256:16ecf15d6af39246fe33e507105d67e4b81d8f8d2c6598ff7e3ca1b8a37213f7", size = 39108, upload-time = "2025-08-12T05:51:58.425Z" },
    { url = "https://files.pythonhosted.org/packages/0c/37/6faf15cfa41bf1f3dba80cd3f5ccc6622dfccb660ab26ed79f0178c7497f/wrapt-1.17.3-cp313-cp313-manylinux1_x86_64.manylinux_2_28_x86_64.manylinux_2_5_x86_64.whl", hash = "sha256:6fd1ad24dc235e4ab88cda009e19bf347aabb975e44fd5c2fb22a3f6e4141277", size = 88072, upload-time = "2025-08-12T05:52:37.53Z" },
    { url = "https://files.pythonhosted.org/packages/78/f2/efe19ada4a38e4e15b6dff39c3e3f3f73f5decf901f66e6f72fe79623a06/wrapt-1.17.3-cp313-cp313-manylinux2014_aarch64.manylinux_2_17_aarch64.manylinux_2_28_aarch64.whl", hash = "sha256:0ed61b7c2d49cee3c027372df5809a59d60cf1b6c2f81ee980a091f3afed6a2d", size = 88214, upload-time = "2025-08-12T05:52:15.886Z" },
    { url = "https://files.pythonhosted.org/packages/40/90/ca86701e9de1622b16e09689fc24b76f69b06bb0150990f6f4e8b0eeb576/wrapt-1.17.3-cp313-cp313-musllinux_1_2_aarch64.whl", hash = "sha256:423ed5420ad5f5529db9ce89eac09c8a2f97da18eb1c870237e84c5a5c2d60aa", size = 87105, upload-time = "2025-08-12T05:52:17.914Z" },
    { url = "https://files.pythonhosted.org/packages/fd/e0/d10bd257c9a3e15cbf5523025252cc14d77468e8ed644aafb2d6f54cb95d/wrapt-1.17.3-cp313-cp313-musllinux_1_2_x86_64.whl", hash = "sha256:e01375f275f010fcbf7f643b4279896d04e571889b8a5b3f848423d91bf07050", size = 87766, upload-time = "2025-08-12T05:52:39.243Z" },
    { url = "https://files.pythonhosted.org/packages/e8/cf/7d848740203c7b4b27eb55dbfede11aca974a51c3d894f6cc4b865f42f58/wrapt-1.17.3-cp313-cp313-win32.whl", hash = "sha256:53e5e39ff71b3fc484df8a522c933ea2b7cdd0d5d15ae82e5b23fde87d44cbd8", size = 36711, upload-time = "2025-08-12T05:53:10.074Z" },
    { url = "https://files.pythonhosted.org/packages/57/54/35a84d0a4d23ea675994104e667ceff49227ce473ba6a59ba2c84f250b74/wrapt-1.17.3-cp313-cp313-win_amd64.whl", hash = "sha256:1f0b2f40cf341ee8cc1a97d51ff50dddb9fcc73241b9143ec74b30fc4f44f6cb", size = 38885, upload-time = "2025-08-12T05:53:08.695Z" },
    { url = "https://files.pythonhosted.org/packages/01/77/66e54407c59d7b02a3c4e0af3783168fff8e5d61def52cda8728439d86bc/wrapt-1.17.3-cp313-cp313-win_arm64.whl", hash = "sha256:7425ac3c54430f5fc5e7b6f41d41e704db073309acfc09305816bc6a0b26bb16", size = 36896, upload-time = "2025-08-12T05:52:55.34Z" },
    { url = "https://files.pythonhosted.org/packages/02/a2/cd864b2a14f20d14f4c496fab97802001560f9f41554eef6df201cd7f76c/wrapt-1.17.3-cp314-cp314-macosx_10_13_universal2.whl", hash = "sha256:cf30f6e3c077c8e6a9a7809c94551203c8843e74ba0c960f4a98cd80d4665d39", size = 54132, upload-time = "2025-08-12T05:51:49.864Z" },
    { url = "https://files.pythonhosted.org/packages/d5/46/d011725b0c89e853dc44cceb738a307cde5d240d023d6d40a82d1b4e1182/wrapt-1.17.3-cp314-cp314-macosx_10_13_x86_64.whl", hash = "sha256:e228514a06843cae89621384cfe3a80418f3c04aadf8a3b14e46a7be704e4235", size = 39091, upload-time = "2025-08-12T05:51:38.935Z" },
    { url = "https://files.pythonhosted.org/packages/2e/9e/3ad852d77c35aae7ddebdbc3b6d35ec8013af7d7dddad0ad911f3d891dae/wrapt-1.17.3-cp314-cp314-macosx_11_0_arm64.whl", hash = "sha256:5ea5eb3c0c071862997d6f3e02af1d055f381b1d25b286b9d6644b79db77657c", size = 39172, upload-time = "2025-08-12T05:51:59.365Z" },
    { url = "https://files.pythonhosted.org/packages/c3/f7/c983d2762bcce2326c317c26a6a1e7016f7eb039c27cdf5c4e30f4160f31/wrapt-1.17.3-cp314-cp314-manylinux1_x86_64.manylinux_2_28_x86_64.manylinux_2_5_x86_64.whl", hash = "sha256:281262213373b6d5e4bb4353bc36d1ba4084e6d6b5d242863721ef2bf2c2930b", size = 87163, upload-time = "2025-08-12T05:52:40.965Z" },
    { url = "https://files.pythonhosted.org/packages/e4/0f/f673f75d489c7f22d17fe0193e84b41540d962f75fce579cf6873167c29b/wrapt-1.17.3-cp314-cp314-manylinux2014_aarch64.manylinux_2_17_aarch64.manylinux_2_28_aarch64.whl", hash = "sha256:dc4a8d2b25efb6681ecacad42fca8859f88092d8732b170de6a5dddd80a1c8fa", size = 87963, upload-time = "2025-08-12T05:52:20.326Z" },
    { url = "https://files.pythonhosted.org/packages/df/61/515ad6caca68995da2fac7a6af97faab8f78ebe3bf4f761e1b77efbc47b5/wrapt-1.17.3-cp314-cp314-musllinux_1_2_aarch64.whl", hash = "sha256:373342dd05b1d07d752cecbec0c41817231f29f3a89aa8b8843f7b95992ed0c7", size = 86945, upload-time = "2025-08-12T05:52:21.581Z" },
    { url = "https://files.pythonhosted.org/packages/d3/bd/4e70162ce398462a467bc09e768bee112f1412e563620adc353de9055d33/wrapt-1.17.3-cp314-cp314-musllinux_1_2_x86_64.whl", hash = "sha256:d40770d7c0fd5cbed9d84b2c3f2e156431a12c9a37dc6284060fb4bec0b7ffd4", size = 86857, upload-time = "2025-08-12T05:52:43.043Z" },
    { url = "https://files.pythonhosted.org/packages/2b/b8/da8560695e9284810b8d3df8a19396a6e40e7518059584a1a394a2b35e0a/wrapt-1.17.3-cp314-cp314-win32.whl", hash = "sha256:fbd3c8319de8e1dc79d346929cd71d523622da527cca14e0c1d257e31c2b8b10", size = 37178, upload-time = "2025-08-12T05:53:12.605Z" },
    { url = "https://files.pythonhosted.org/packages/db/c8/b71eeb192c440d67a5a0449aaee2310a1a1e8eca41676046f99ed2487e9f/wrapt-1.17.3-cp314-cp314-win_amd64.whl", hash = "sha256:e1a4120ae5705f673727d3253de3ed0e016f7cd78dc463db1b31e2463e1f3cf6", size = 39310, upload-time = "2025-08-12T05:53:11.106Z" },
    { url = "https://files.pythonhosted.org/packages/45/20/2cda20fd4865fa40f86f6c46ed37a2a8356a7a2fde0773269311f2af56c7/wrapt-1.17.3-cp314-cp314-win_arm64.whl", hash = "sha256:507553480670cab08a800b9463bdb881b2edeed77dc677b0a5915e6106e91a58", size = 37266, upload-time = "2025-08-12T05:52:56.531Z" },
    { url = "https://files.pythonhosted.org/packages/77/ed/dd5cf21aec36c80443c6f900449260b80e2a65cf963668eaef3b9accce36/wrapt-1.17.3-cp314-cp314t-macosx_10_13_universal2.whl", hash = "sha256:ed7c635ae45cfbc1a7371f708727bf74690daedc49b4dba310590ca0bd28aa8a", size = 56544, upload-time = "2025-08-12T05:51:51.109Z" },
    { url = "https://files.pythonhosted.org/packages/8d/96/450c651cc753877ad100c7949ab4d2e2ecc4d97157e00fa8f45df682456a/wrapt-1.17.3-cp314-cp314t-macosx_10_13_x86_64.whl", hash = "sha256:249f88ed15503f6492a71f01442abddd73856a0032ae860de6d75ca62eed8067", size = 40283, upload-time = "2025-08-12T05:51:39.912Z" },
    { url = "https://files.pythonhosted.org/packages/d1/86/2fcad95994d9b572db57632acb6f900695a648c3e063f2cd344b3f5c5a37/wrapt-1.17.3-cp314-cp314t-macosx_11_0_arm64.whl", hash = "sha256:5a03a38adec8066d5a37bea22f2ba6bbf39fcdefbe2d91419ab864c3fb515454", size = 40366, upload-time = "2025-08-12T05:52:00.693Z" },
    { url = "https://files.pythonhosted.org/packages/64/0e/f4472f2fdde2d4617975144311f8800ef73677a159be7fe61fa50997d6c0/wrapt-1.17.3-cp314-cp314t-manylinux1_x86_64.manylinux_2_28_x86_64.manylinux_2_5_x86_64.whl", hash = "sha256:5d4478d72eb61c36e5b446e375bbc49ed002430d17cdec3cecb36993398e1a9e", size = 108571, upload-time = "2025-08-12T05:52:44.521Z" },
    { url = "https://files.pythonhosted.org/packages/cc/01/9b85a99996b0a97c8a17484684f206cbb6ba73c1ce6890ac668bcf3838fb/wrapt-1.17.3-cp314-cp314t-manylinux2014_aarch64.manylinux_2_17_aarch64.manylinux_2_28_aarch64.whl", hash = "sha256:223db574bb38637e8230eb14b185565023ab624474df94d2af18f1cdb625216f", size = 113094, upload-time = "2025-08-12T05:52:22.618Z" },
    { url = "https://files.pythonhosted.org/packages/25/02/78926c1efddcc7b3aa0bc3d6b33a822f7d898059f7cd9ace8c8318e559ef/wrapt-1.17.3-cp314-cp314t-musllinux_1_2_aarch64.whl", hash = "sha256:e405adefb53a435f01efa7ccdec012c016b5a1d3f35459990afc39b6be4d5056", size = 110659, upload-time = "2025-08-12T05:52:24.057Z" },
    { url = "https://files.pythonhosted.org/packages/dc/ee/c414501ad518ac3e6fe184753632fe5e5ecacdcf0effc23f31c1e4f7bfcf/wrapt-1.17.3-cp314-cp314t-musllinux_1_2_x86_64.whl", hash = "sha256:88547535b787a6c9ce4086917b6e1d291aa8ed914fdd3a838b3539dc95c12804", size = 106946, upload-time = "2025-08-12T05:52:45.976Z" },
    { url = "https://files.pythonhosted.org/packages/be/44/a1bd64b723d13bb151d6cc91b986146a1952385e0392a78567e12149c7b4/wrapt-1.17.3-cp314-cp314t-win32.whl", hash = "sha256:41b1d2bc74c2cac6f9074df52b2efbef2b30bdfe5f40cb78f8ca22963bc62977", size = 38717, upload-time = "2025-08-12T05:53:15.214Z" },
    { url = "https://files.pythonhosted.org/packages/79/d9/7cfd5a312760ac4dd8bf0184a6ee9e43c33e47f3dadc303032ce012b8fa3/wrapt-1.17.3-cp314-cp314t-win_amd64.whl", hash = "sha256:73d496de46cd2cdbdbcce4ae4bcdb4afb6a11234a1df9c085249d55166b95116", size = 41334, upload-time = "2025-08-12T05:53:14.178Z" },
    { url = "https://files.pythonhosted.org/packages/46/78/10ad9781128ed2f99dbc474f43283b13fea8ba58723e98844367531c18e9/wrapt-1.17.3-cp314-cp314t-win_arm64.whl", hash = "sha256:f38e60678850c42461d4202739f9bf1e3a737c7ad283638251e79cc49effb6b6", size = 38471, upload-time = "2025-08-12T05:52:57.784Z" },
    { url = "https://files.pythonhosted.org/packages/1f/f6/a933bd70f98e9cf3e08167fc5cd7aaaca49147e48411c0bd5ae701bb2194/wrapt-1.17.3-py3-none-any.whl", hash = "sha256:7171ae35d2c33d326ac19dd8facb1e82e5fd04ef8c6c0e394d7af55a55051c22", size = 23591, upload-time = "2025-08-12T05:53:20.674Z" },
]
