version = 1
revision = 2
requires-python = ">=3.10"

[[package]]
name = "fastcrc"
version = "0.3.0"
source = { registry = "https://pypi.org/simple" }
sdist = { url = "https://files.pythonhosted.org/packages/00/8e/ddd7b0f1a96b17d1e359caf01e558260bb675c3de4e84477861f78a8bf22/fastcrc-0.3.0.tar.gz", hash = "sha256:4e2a75359d97a59469bbcbd77513e801d3f3666a9169629578f88012c0f2d7fe", size = 11945, upload-time = "2024-01-02T12:53:11.528Z" }
wheels = [
    { url = "https://files.pythonhosted.org/packages/13/a0/6fac78131d109fbc1f0cc8283b7d053a88e0db2eceb343d8d6a3132be661/fastcrc-0.3.0-cp310-cp310-macosx_10_12_x86_64.whl", hash = "sha256:5c758828546403f88651f3465a633f2668a9085953f249372deb655c0c957e5f", size = 244508, upload-time = "2024-10-23T11:12:50.498Z" },
    { url = "https://files.pythonhosted.org/packages/a4/31/fff5cfb9690d5167190fdd559faeb0a71265a15175ebc2449b9e53241f8e/fastcrc-0.3.0-cp310-cp310-macosx_11_0_arm64.whl", hash = "sha256:8d4c0551bec1f373b1d46e039bb910266d8a175fc0390f596225951511fb2f16", size = 240286, upload-time = "2024-10-23T11:12:52.206Z" },
    { url = "https://files.pythonhosted.org/packages/54/5b/58211c0a5ef77bce2d5d0a7e1ebd8a41bad6cc1559583c8ae59528dc116d/fastcrc-0.3.0-cp310-cp310-manylinux_2_17_aarch64.manylinux2014_aarch64.whl", hash = "sha256:a0470d8eb7d477759a17f01d257ca54221d2e966618aeb13d38affa7c97f422a", size = 1108636, upload-time = "2024-01-02T12:50:49.604Z" },
    { url = "https://files.pythonhosted.org/packages/c5/e6/c2cb94916c6481d76b9943e2a3d039016d5d8298f2b012261880f6650ed9/fastcrc-0.3.0-cp310-cp310-manylinux_2_17_armv7l.manylinux2014_armv7l.whl", hash = "sha256:04f0640af0d358fb77862b43c831db71b0c55099cc8c8c0e6d254ef4eb752415", size = 1122323, upload-time = "2024-01-02T12:50:51.977Z" },
    { url = "https://files.pythonhosted.org/packages/3a/c8/f4a873f8e5d63b2187308a7c083c212bdaed4601853767da2ce92b611f7a/fastcrc-0.3.0-cp310-cp310-manylinux_2_17_ppc64le.manylinux2014_ppc64le.whl", hash = "sha256:dcf9c7e484337eb81e01fddd00fd877c1d1f2f58caff32728d9d8d710449f846", size = 1221351, upload-time = "2024-01-02T12:50:53.982Z" },
    { url = "https://files.pythonhosted.org/packages/6e/f9/83d316ab3f38be640179ff03ceb389d88e326b60361e513d9ed6aa583c53/fastcrc-0.3.0-cp310-cp310-manylinux_2_17_s390x.manylinux2014_s390x.whl", hash = "sha256:2e8fb45fa8b8a54c76b12300b88ff7465fbe9ffc7446055d82d18c4b5ea67419", size = 1253295, upload-time = "2024-01-02T12:50:56.182Z" },
    { url = "https://files.pythonhosted.org/packages/f6/4d/16f6195e9aa2b98f2673f42611d245ca15bf614877bd072255e33a02705a/fastcrc-0.3.0-cp310-cp310-manylinux_2_17_x86_64.manylinux2014_x86_64.whl", hash = "sha256:b37e925c985ae4b6a26ce9cff4505d2e441aba357efa84b700d477ae80ce7603", size = 1116963, upload-time = "2024-01-02T12:50:57.537Z" },
    { url = "https://files.pythonhosted.org/packages/34/d2/4af1bf14272d866bd98f1c74e7ce8c192843b12c08d588ae830d828c7268/fastcrc-0.3.0-cp310-cp310-manylinux_2_5_i686.manylinux1_i686.whl", hash = "sha256:254bf3f4c22d9d81f2119ff09c50376f74f99a9a7990f072992153df431426fd", size = 1137638, upload-time = "2024-01-02T12:50:59.426Z" },
    { url = "https://files.pythonhosted.org/packages/58/2e/ea15bed2a504e9f83ab6262ffc89a6c804f3565a4b8539725a18a54dfaee/fastcrc-0.3.0-cp310-none-win32.whl", hash = "sha256:d676759e2ec55aeda2b9e18866bab06f62782f9b921bc979ab944b4475df76cb", size = 150028, upload-time = "2024-01-02T12:51:01.815Z" },
    { url = "https://files.pythonhosted.org/packages/6d/00/af93c0aa63d1ac4d66c0be6fc3de47eb0a695ba2e5c47dc5a8f228e540dd/fastcrc-0.3.0-cp310-none-win_amd64.whl", hash = "sha256:6f95ea80ff0d1d04f15bb6e2725b44196a2b34ce67d23d6fba506838fe37b8d7", size = 153480, upload-time = "2024-01-02T12:51:03.212Z" },
    { url = "https://files.pythonhosted.org/packages/03/f7/da0705ab71c9dcb339a83fea490a47a4b6c554ef51ccd28e184d74e733ac/fastcrc-0.3.0-cp311-cp311-macosx_10_12_x86_64.whl", hash = "sha256:497424ad3adfa8f2bd6cd47b2e0778148a94968e9e30978aca17711f8f3b4dd8", size = 280788, upload-time = "2024-01-02T12:51:04.55Z" },
    { url = "https://files.pythonhosted.org/packages/cc/f5/9c97ea8efb7ce4ccc8cc92958c9640f09cb39a8b42881268b6426758d91b/fastcrc-0.3.0-cp311-cp311-macosx_11_0_arm64.whl", hash = "sha256:f233d6480fce1e359698e4f41f4db1e9c1c9f34669f2fd237a85129527e83d15", size = 281512, upload-time = "2024-01-02T12:51:06.495Z" },
    { url = "https://files.pythonhosted.org/packages/95/4b/ee3107290826047efaa079320e48865aeea6a418f2640544ba1711ff6164/fastcrc-0.3.0-cp311-cp311-manylinux_2_17_aarch64.manylinux2014_aarch64.whl", hash = "sha256:70f895c4b4c8cb2c9438a61d60fac5bbbfa7f5a32f63ade8b0afcb0bc7ebc7ef", size = 1108734, upload-time = "2024-01-02T12:51:08.712Z" },
    { url = "https://files.pythonhosted.org/packages/ed/a2/824d0213f76f41baab75adb3b2b7e84582dac6f1ddbbf33786d9af745991/fastcrc-0.3.0-cp311-cp311-manylinux_2_17_armv7l.manylinux2014_armv7l.whl", hash = "sha256:657e7ba563e3904ce5af5bd4c26fe15c6b57a973ab28a82baacc305b243abe0a", size = 1122397, upload-time = "2024-01-02T12:51:10.724Z" },
    { url = "https://files.pythonhosted.org/packages/a1/fd/2d4be92f948585045e85c3e4bd42cd17a50d27975141fa10d69eaa9c1a18/fastcrc-0.3.0-cp311-cp311-manylinux_2_17_ppc64le.manylinux2014_ppc64le.whl", hash = "sha256:b072a71e042c5e3c7f8f10a6787be293825982d3e35edc3cb4ae7ba8175a6e70", size = 1221351, upload-time = "2024-01-02T12:51:12.089Z" },
    { url = "https://files.pythonhosted.org/packages/bb/bd/6f44f7d788dbc1e920570f1fe00e6186ddd2dba999b94e356655bd9b4b97/fastcrc-0.3.0-cp311-cp311-manylinux_2_17_s390x.manylinux2014_s390x.whl", hash = "sha256:087057342cd43a97ffe640ed0b453a3719cf43cadcdde38c9b3ee15a89b11859", size = 1253300, upload-time = "2024-01-02T12:51:14.197Z" },
    { url = "https://files.pythonhosted.org/packages/b1/15/303795b6f9e58b4d9081edfc829030382aafa0998b7252530ee9451942b7/fastcrc-0.3.0-cp311-cp311-manylinux_2_17_x86_64.manylinux2014_x86_64.whl", hash = "sha256:f6f1d5270ecd2254c60e94700e5d88ac1d0afe9084fa2eb80453de44a3ebae0c", size = 1117034, upload-time = "2024-01-02T12:51:15.565Z" },
    { url = "https://files.pythonhosted.org/packages/3a/e7/5a9fa985dcae968fc538981700be84ac0ed60e739eeff9d18224483ac3aa/fastcrc-0.3.0-cp311-cp311-manylinux_2_5_i686.manylinux1_i686.whl", hash = "sha256:a1991f35ab89809cb760a7ec60d51cc39b150841ca8c620ddef30e56f65844f0", size = 1137736, upload-time = "2024-01-02T12:51:17.222Z" },
    { url = "https://files.pythonhosted.org/packages/b9/7c/3e4e86e4235d52d6101dd79e8846aa7d5e2ff4733d7a285f2ef7d8c72833/fastcrc-0.3.0-cp311-none-win32.whl", hash = "sha256:a81c5615ac1a633adf7180e76d35dbbc2406acb93cab1bc48ea1e65cb0e645bc", size = 150025, upload-time = "2024-01-02T12:51:19.189Z" },
    { url = "https://files.pythonhosted.org/packages/ca/d1/8ee33ea16de3bd340f9504aa266c8f0aa3a08f9cdf0af08514fc81976c49/fastcrc-0.3.0-cp311-none-win_amd64.whl", hash = "sha256:368d7df2131305781a9459d418c5a3885ba32a5312132afc803e374d122d4e9b", size = 153318, upload-time = "2024-01-02T12:51:20.868Z" },
    { url = "https://files.pythonhosted.org/packages/e1/d3/c1eabbd63c035ffee031da12e7ec07fef39410e64c961ec7795313679b98/fastcrc-0.3.0-cp312-cp312-macosx_10_12_x86_64.whl", hash = "sha256:c2a7b827dff62f7aa94219cc79719087db3bb9e59b302a79989cffc6417a1f19", size = 279637, upload-time = "2024-01-02T12:51:22.099Z" },
    { url = "https://files.pythonhosted.org/packages/75/71/ca65159723598519a49878938f08a388e821c464b6f8eb4cf0a4ab09849a/fastcrc-0.3.0-cp312-cp312-macosx_11_0_arm64.whl", hash = "sha256:3ae8898aa6f6c99c496f2d6f0426727be66b5391c0ee06c88e405b80dadb35ec", size = 280556, upload-time = "2024-01-02T12:51:23.925Z" },
    { url = "https://files.pythonhosted.org/packages/c6/23/c3d6c3eff06bc4e8b99835f8fd4953f81ebacd225705f5cad3645a229bde/fastcrc-0.3.0-cp312-cp312-manylinux_2_17_aarch64.manylinux2014_aarch64.whl", hash = "sha256:4e3b2fe0abe02ca87089439fe5a076eed442afe8b649012a19e784c330c76779", size = 1108383, upload-time = "2024-01-02T12:51:25.773Z" },
    { url = "https://files.pythonhosted.org/packages/bc/4a/db2845080ba57c5eb5ff46bed3c58757648a9b972cd737239e129055f84e/fastcrc-0.3.0-cp312-cp312-manylinux_2_17_armv7l.manylinux2014_armv7l.whl", hash = "sha256:9a8cdd92bd014db7d8c27de956b20a22b9a1157a1e2471a688b2e6aebf21a086", size = 1121897, upload-time = "2024-01-02T12:51:27.301Z" },
    { url = "https://files.pythonhosted.org/packages/76/e1/46778f276cd23d0aa0a1e61ebb7ca1bca9ecb8117549a219f5354753e296/fastcrc-0.3.0-cp312-cp312-manylinux_2_17_ppc64le.manylinux2014_ppc64le.whl", hash = "sha256:426e462b4c60daa6f5afd4a31de0cd48b1d9930ab28ab64231cd6dd5c2226747", size = 1221895, upload-time = "2024-01-02T12:51:28.608Z" },
    { url = "https://files.pythonhosted.org/packages/7e/e9/37d8e29082fba7b1823a5b4b42c86715b1a3bea076b8091bb00672920a9a/fastcrc-0.3.0-cp312-cp312-manylinux_2_17_s390x.manylinux2014_s390x.whl", hash = "sha256:a1f4f3f1322c05ca84bae6fa234c119a8f05fde5d13414c5b148e1ff90a89181", size = 1241974, upload-time = "2024-01-02T12:51:30.56Z" },
    { url = "https://files.pythonhosted.org/packages/2f/eb/ceefdec770c1d3c2299e831cfdc1b13558655e5ccaf880e1a8ab4ef50d57/fastcrc-0.3.0-cp312-cp312-manylinux_2_17_x86_64.manylinux2014_x86_64.whl", hash = "sha256:85131d9435e16b579c1227230dd1ae2bb649a12642e55b5a95092f718efee91c", size = 1116958, upload-time = "2024-01-02T12:51:32.512Z" },
    { url = "https://files.pythonhosted.org/packages/55/63/cca156d3bf244527973a1579fae61d5ba6b058eca610e411f177e29fa339/fastcrc-0.3.0-cp312-cp312-manylinux_2_5_i686.manylinux1_i686.whl", hash = "sha256:57deab4c31ac2b8cf7c3fe58488b63fabab352bc383519b0277144ca27f21882", size = 1136557, upload-time = "2024-01-02T12:51:33.782Z" },
    { url = "https://files.pythonhosted.org/packages/0f/31/03a2becbf7e22ebe6f7f5e413908ec3f7733d50084868963e34bad2de722/fastcrc-0.3.0-cp312-none-win32.whl", hash = "sha256:3e5deb32cf3073dee8a742e985e0b12737eae95040dea2ca38bc7efe29bcd2b1", size = 149098, upload-time = "2024-01-02T12:51:35.143Z" },
    { url = "https://files.pythonhosted.org/packages/75/fc/b93ec7a6c21ff7c1d3212cfcdf7e17635f3980076238b054757860a94731/fastcrc-0.3.0-cp312-none-win_amd64.whl", hash = "sha256:8c390905fcec5e63de691b58e092dc3964a3c72ca1bb361da498fcddc84aeb86", size = 153137, upload-time = "2024-01-02T12:51:36.367Z" },
    { url = "https://files.pythonhosted.org/packages/91/cb/fe42b9595d5fd2818cfc015b8c72166ad403856033c14774dbfd4665d7d3/fastcrc-0.3.0-cp313-cp313-macosx_10_12_x86_64.whl", hash = "sha256:c2a14a0d4eec3dc789b3e18f261078a28e73627bfddb696b51a186cd9e7ed3b4", size = 243808, upload-time = "2024-10-23T11:12:53.676Z" },
    { url = "https://files.pythonhosted.org/packages/14/b3/485cb7fb1ab9ff7f3e906a1577f6b35ce688a85a123b3857a5bd55fbdd4f/fastcrc-0.3.0-cp313-cp313-macosx_11_0_arm64.whl", hash = "sha256:48755f4d02a16a3cd9c0afc6448e513cf41080f6c29d7de94d72dc35c92eec44", size = 239754, upload-time = "2024-10-23T11:12:55.155Z" },
    { url = "https://files.pythonhosted.org/packages/f2/f6/c516f59447e863eb62305d4a8421cca2db806dbcc827f9539dd8a017e52a/fastcrc-0.3.0-cp313-cp313-manylinux_2_17_aarch64.manylinux2014_aarch64.whl", hash = "sha256:8d320e8f3fb0ebee4226d2aca1a12d3b19de66355d4e44184fd4828449c019f3", size = 1108383, upload-time = "2024-01-02T12:51:38.23Z" },
    { url = "https://files.pythonhosted.org/packages/f6/e9/b7a877bdebfbcaee43876df3f5410fddfd5f2415111a422d8f85ae962317/fastcrc-0.3.0-cp313-cp313-manylinux_2_17_armv7l.manylinux2014_armv7l.whl", hash = "sha256:82f5bbed607fcf39024335916190fc4990a208cfd92dd916d70b31ecc9122014", size = 1121899, upload-time = "2024-01-02T12:51:39.431Z" },
    { url = "https://files.pythonhosted.org/packages/39/b0/67b614f8012ebaf511de1466dd397ec68c47f5fd6578f514e683ef21c401/fastcrc-0.3.0-cp313-cp313-manylinux_2_17_ppc64le.manylinux2014_ppc64le.whl", hash = "sha256:f354a0859f0b6f42538bdf7699eb68c22e352a1c798e92379c0ee047cfd81817", size = 1221896, upload-time = "2024-01-02T12:51:40.817Z" },
    { url = "https://files.pythonhosted.org/packages/4f/5d/794a960f29e347964158fef23f190d96ba32e2fa66bd676bf42078b71022/fastcrc-0.3.0-cp313-cp313-manylinux_2_17_s390x.manylinux2014_s390x.whl", hash = "sha256:792b168e133b24d437c6d909a870ddc14c9e0249e36f601a1f3e0c063c8e9417", size = 1241973, upload-time = "2024-01-02T12:51:42.215Z" },
    { url = "https://files.pythonhosted.org/packages/8b/eb/dd19db37438c19668057e45f4c5a708d68518c50ee8923ef7f07377579ce/fastcrc-0.3.0-cp313-cp313-manylinux_2_17_x86_64.manylinux2014_x86_64.whl", hash = "sha256:f6845a11671d43ef87a06a6a3a2334ce9740b895bfd1f1881a77631840c16d84", size = 274912, upload-time = "2024-10-23T11:12:56.704Z" },
    { url = "https://files.pythonhosted.org/packages/7f/2b/1ede66c75ca3d9e8f4135647d10d9181dfaec01587d0360c792a44c1e726/fastcrc-0.3.0-cp313-cp313-manylinux_2_5_i686.manylinux1_i686.whl", hash = "sha256:3e90047405cb0ff6b1441555be5327aa3179ef247e0cf18532ec5020cbbca026", size = 284885, upload-time = "2024-10-23T11:12:58.218Z" },
    { url = "https://files.pythonhosted.org/packages/50/15/bafe88a25b82e37b93f5a0e5141d489d3cb95d651ed7c21242051d3d3abd/fastcrc-0.3.0-cp313-none-win32.whl", hash = "sha256:1406c4f58210de36bb25794e82f06998ee549c8a8c8480d18cd422214898044f", size = 137896, upload-time = "2024-10-23T11:12:59.935Z" },
    { url = "https://files.pythonhosted.org/packages/a2/cd/71c8f0b7b16ce91288f88c10af30b10834753f5ed36741826e5ef7012e0b/fastcrc-0.3.0-cp313-none-win_amd64.whl", hash = "sha256:8e9cb4c9df97edefd10297c0074ca77bb4e2a5c017c51e8fdf7eebb79208832f", size = 144628, upload-time = "2024-10-23T11:13:01.331Z" },
    { url = "https://files.pythonhosted.org/packages/75/23/fe7c2b10e1f07170244fa782c41e8e0c7ce73fed1415dea815a8c2e12c7b/fastcrc-0.3.0-pp310-pypy310_pp73-macosx_10_12_x86_64.whl", hash = "sha256:84cd2c6f1d98578fee998d31aee7ab53a13f12c49b4d4e62878b02927e1287f3", size = 245523, upload-time = "2024-10-23T11:13:09.919Z" },
    { url = "https://files.pythonhosted.org/packages/33/72/54b7732bb10ee3a57d323c850af659ca967e64cfd602e592eb76441228c3/fastcrc-0.3.0-pp310-pypy310_pp73-macosx_11_0_arm64.whl", hash = "sha256:87a25053a335f350b85b05ab79f491d9769e6f3036f2ba8b979113af12d9b5cb", size = 241259, upload-time = "2024-10-23T11:13:11.519Z" },
    { url = "https://files.pythonhosted.org/packages/cf/b9/3d4019440cac4286bffb73e7d9a2962a2760846fcc572eeaa45efa32b721/fastcrc-0.3.0-pp310-pypy310_pp73-manylinux_2_17_aarch64.manylinux2014_aarch64.whl", hash = "sha256:b09c6cf4cd583ec7d50aeaaed7441ae56b02896fb041e43b9266f378763195ca", size = 1108536, upload-time = "2024-01-02T12:52:26.871Z" },
    { url = "https://files.pythonhosted.org/packages/d3/bf/6e33757322fb5b1b0dd56b49d9533bce8ed79e092112b03f23d1d008fe92/fastcrc-0.3.0-pp310-pypy310_pp73-manylinux_2_17_armv7l.manylinux2014_armv7l.whl", hash = "sha256:e836767b09422d0adb0e726e81291bba90b1500635f413a3c57b5a90f8d2c2b1", size = 1121890, upload-time = "2024-01-02T12:52:29.392Z" },
    { url = "https://files.pythonhosted.org/packages/21/8b/16bd654d49a8f6a8ea686b699deb3848c274ecbee3fc6c6b994469e3a464/fastcrc-0.3.0-pp310-pypy310_pp73-manylinux_2_17_ppc64le.manylinux2014_ppc64le.whl", hash = "sha256:16b961b3b87c84f547f4bdb0caa920bca323d68a7d7be26b32796b49c322e749", size = 1221763, upload-time = "2024-01-02T12:52:32.134Z" },
    { url = "https://files.pythonhosted.org/packages/e9/d1/4616e5d06245fd2f2942e29138d940c6b53006a801a2859124fecd2de343/fastcrc-0.3.0-pp310-pypy310_pp73-manylinux_2_17_s390x.manylinux2014_s390x.whl", hash = "sha256:f03c23100637a6e8760b2d0b1782d9b510721a57f94a0e62ae0649e6f8d673b6", size = 1252396, upload-time = "2024-01-02T12:52:33.551Z" },
    { url = "https://files.pythonhosted.org/packages/39/3e/4ab7221dd5f4d09b5cf59be469d0ccae23248f83b8acdb8153e899c43f78/fastcrc-0.3.0-pp310-pypy310_pp73-manylinux_2_17_x86_64.manylinux2014_x86_64.whl", hash = "sha256:03d955c1fbdf60868a2127566963fcff27f48385a79976e4dc990f9d6da49b49", size = 1116673, upload-time = "2024-01-02T12:52:34.903Z" },
    { url = "https://files.pythonhosted.org/packages/5e/5e/4d107986e74a7a9330e915f9fbd0110a80c0ae952a71b975481294a19491/fastcrc-0.3.0-pp310-pypy310_pp73-manylinux_2_5_i686.manylinux1_i686.whl", hash = "sha256:a893692017a694aa5eda1934b2b023b7d621149321a54c2edc0be463a5bec9ef", size = 1137183, upload-time = "2024-01-02T12:52:37.886Z" },
]

[[package]]
name = "hextools"
version = "0.1.0"
source = { virtual = "." }
dependencies = [
    { name = "fastcrc" },
]

[package.metadata]
requires-dist = [{ name = "fastcrc", specifier = "==0.3.0" }]
