version = 1
revision = 3
requires-python = ">=3.10"

[[package]]
name = "black"
version = "21.12b0"
source = { registry = "https://pypi.org/simple" }
dependencies = [
    { name = "click" },
    { name = "mypy-extensions" },
    { name = "pathspec" },
    { name = "platformdirs" },
    { name = "tomli" },
    { name = "typing-extensions" },
]
sdist = { url = "https://files.pythonhosted.org/packages/f7/60/7a9775dc1b81a572eb26836c7e77c92bf454ada00693af4b2d2f2614971a/black-21.12b0.tar.gz", hash = "sha256:77b80f693a569e2e527958459634f18df9b0ba2625ba4e0c2d5da5be42e6f2b3", size = 594232, upload-time = "2021-12-05T22:42:10.133Z" }
wheels = [
    { url = "https://files.pythonhosted.org/packages/9b/27/b2f98b627738b02dcac06ae9e2ab13f14ab906fe6dd6366050c76883d4b5/black-21.12b0-py3-none-any.whl", hash = "sha256:a615e69ae185e08fdd73e4715e260e2479c861b5740057fde6e8b4e3b7dd589f", size = 156737, upload-time = "2021-12-05T22:42:08.41Z" },
]

[[package]]
name = "click"
version = "8.0.3"
source = { registry = "https://pypi.org/simple" }
dependencies = [
    { name = "colorama", marker = "sys_platform == 'win32'" },
]
sdist = { url = "https://files.pythonhosted.org/packages/f4/09/ad003f1e3428017d1c3da4ccc9547591703ffea548626f47ec74509c5824/click-8.0.3.tar.gz", hash = "sha256:410e932b050f5eed773c4cda94de75971c89cdb3155a72a0831139a79e5ecb5b", size = 329034, upload-time = "2021-10-10T18:07:33.001Z" }
wheels = [
    { url = "https://files.pythonhosted.org/packages/48/58/c8aa6a8e62cc75f39fee1092c45d6b6ba684122697d7ce7d53f64f98a129/click-8.0.3-py3-none-any.whl", hash = "sha256:353f466495adaeb40b6b5f592f9f91cb22372351c84caeb068132442a4518ef3", size = 97516, upload-time = "2021-10-10T18:07:30.752Z" },
]

[[package]]
name = "colorama"
version = "0.4.6"
source = { registry = "https://pypi.org/simple" }
sdist = { url = "https://files.pythonhosted.org/packages/d8/53/6f443c9a4a8358a93a6792e2acffb9d9d5cb0a5cfd8802644b7b1c9a02e4/colorama-0.4.6.tar.gz", hash = "sha256:08695f5cb7ed6e0531a20572697297273c47b8cae5a63ffc6d6ed5c201be6e44", size = 27697, upload-time = "2022-10-25T02:36:22.414Z" }
wheels = [
    { url = "https://files.pythonhosted.org/packages/d1/d6/3965ed04c63042e047cb6a3e6ed1a63a35087b6a609aa3a15ed8ac56c221/colorama-0.4.6-py2.py3-none-any.whl", hash = "sha256:4f1d9991f5acc0ca119f9d443620b77f9d6b33703e51011c16baf57afb285fc6", size = 25335, upload-time = "2022-10-25T02:36:20.889Z" },
]

[[package]]
name = "mako"
version = "1.1.6"
source = { registry = "https://pypi.org/simple" }
dependencies = [
    { name = "markupsafe" },
]
sdist = { url = "https://files.pythonhosted.org/packages/af/b6/42cd322ae555aa770d49e31b8c5c28a243ba1bbb57ad927e1a5f5b064811/Mako-1.1.6.tar.gz", hash = "sha256:4e9e345a41924a954251b95b4b28e14a301145b544901332e658907a7464b6b2", size = 495132, upload-time = "2021-11-17T15:40:46.428Z" }
wheels = [
    { url = "https://files.pythonhosted.org/packages/b4/4d/e03d08f16ee10e688bde9016bc80af8b78c7f36a8b37c7194da48f72207e/Mako-1.1.6-py2.py3-none-any.whl", hash = "sha256:afaf8e515d075b22fad7d7b8b30e4a1c90624ff2f3733a06ec125f5a5f043a57", size = 75702, upload-time = "2021-11-17T15:40:48.625Z" },
]

[[package]]
name = "markupsafe"
version = "2.0.1"
source = { registry = "https://pypi.org/simple" }
sdist = { url = "https://files.pythonhosted.org/packages/bf/10/ff66fea6d1788c458663a84d88787bae15d45daa16f6b3ef33322a51fc7e/MarkupSafe-2.0.1.tar.gz", hash = "sha256:594c67807fb16238b30c44bdf74f36c02cdf22d1c8cda91ef8a0ed8dabf5620a", size = 18596, upload-time = "2021-05-18T17:18:22.856Z" }
wheels = [
    { url = "https://files.pythonhosted.org/packages/81/8b/f28eac2790d49dde61f89ae9e007ac65002edc90bb2dd63c3b9e653820d2/MarkupSafe-2.0.1-cp310-cp310-macosx_10_9_universal2.whl", hash = "sha256:d8446c54dc28c01e5a2dbac5a25f071f6653e6e40f3a8818e8b45d790fe6ef53", size = 18330, upload-time = "2021-08-11T18:10:38.104Z" },
    { url = "https://files.pythonhosted.org/packages/21/84/e090d999105fe0f3e1d955725ed2c9aeebc649ee83edab0e73d353d47e5d/MarkupSafe-2.0.1-cp310-cp310-macosx_10_9_x86_64.whl", hash = "sha256:36bc903cbb393720fad60fc28c10de6acf10dc6cc883f3e24ee4012371399a38", size = 14005, upload-time = "2021-08-11T18:10:39.711Z" },
    { url = "https://files.pythonhosted.org/packages/e6/57/e9d243b12918f22bc3aa1392db7821dcb643a120e87b3f8c9bc7e1ad33f1/MarkupSafe-2.0.1-cp310-cp310-manylinux_2_17_aarch64.manylinux2014_aarch64.whl", hash = "sha256:2d7d807855b419fc2ed3e631034685db6079889a1f01d5d9dac950f764da3dad", size = 26830, upload-time = "2021-08-11T18:10:41.209Z" },
    { url = "https://files.pythonhosted.org/packages/5a/98/3303496a5d19aabba67c443ba1df6ee1bec94549b3f8976f90c06a6942e6/MarkupSafe-2.0.1-cp310-cp310-manylinux_2_5_i686.manylinux1_i686.manylinux_2_12_i686.manylinux2010_i686.whl", hash = "sha256:add36cb2dbb8b736611303cd3bfcee00afd96471b09cda130da3581cbdc56a6d", size = 30410, upload-time = "2021-08-11T18:10:43.44Z" },
    { url = "https://files.pythonhosted.org/packages/53/e8/601efa63c4058311a8bda7984a2fe554b9da574044967d7aee253661ee46/MarkupSafe-2.0.1-cp310-cp310-manylinux_2_5_x86_64.manylinux1_x86_64.manylinux_2_12_x86_64.manylinux2010_x86_64.whl", hash = "sha256:168cd0a3642de83558a5153c8bd34f175a9a6e7f6dc6384b9655d2697312a646", size = 30770, upload-time = "2021-08-11T18:10:44.873Z" },
    { url = "https://files.pythonhosted.org/packages/a4/c8/9d2161b2080cb69c8834d1c34a399685347523acbfc923b203ad27bf1215/MarkupSafe-2.0.1-cp310-cp310-musllinux_1_1_aarch64.whl", hash = "sha256:4dc8f9fb58f7364b63fd9f85013b780ef83c11857ae79f2feda41e270468dd9b", size = 31170, upload-time = "2021-10-22T17:36:49.118Z" },
    { url = "https://files.pythonhosted.org/packages/51/c3/7154db2b7d5b24875e1f1c42bab87a46af688bd6a5c89a90c60053cb6b33/MarkupSafe-2.0.1-cp310-cp310-musllinux_1_1_i686.whl", hash = "sha256:20dca64a3ef2d6e4d5d615a3fd418ad3bde77a47ec8a23d984a12b5b4c74491a", size = 30127, upload-time = "2021-10-22T17:36:51.271Z" },
    { url = "https://files.pythonhosted.org/packages/04/69/c31e837e4bb5532b02d297152464b2cb8a0edeb9bef762c015e9b4e95e16/MarkupSafe-2.0.1-cp310-cp310-musllinux_1_1_x86_64.whl", hash = "sha256:cdfba22ea2f0029c9261a4bd07e830a8da012291fbe44dc794e488b6c9bb353a", size = 30553, upload-time = "2021-10-22T17:36:53.02Z" },
    { url = "https://files.pythonhosted.org/packages/c1/39/9df65c006a88fce7bbd5ec3195b949b79477b1a325564f486c611c367893/MarkupSafe-2.0.1-cp310-cp310-win32.whl", hash = "sha256:99df47edb6bda1249d3e80fdabb1dab8c08ef3975f69aed437cb69d0a5de1e28", size = 14331, upload-time = "2021-08-11T18:10:46.98Z" },
    { url = "https://files.pythonhosted.org/packages/93/28/d42b954fb9189cf4b78b0b0a025cff9b2583f93b37d1a345768ade29e5dd/MarkupSafe-2.0.1-cp310-cp310-win_amd64.whl", hash = "sha256:e0f138900af21926a02425cf736db95be9f4af72ba1bb21453432a07f6082134", size = 15042, upload-time = "2021-08-11T18:10:48.832Z" },
]

[[package]]
name = "mypy-extensions"
version = "0.4.3"
source = { registry = "https://pypi.org/simple" }
sdist = { url = "https://files.pythonhosted.org/packages/63/60/0582ce2eaced55f65a4406fc97beba256de4b7a95a0034c6576458c6519f/mypy_extensions-0.4.3.tar.gz", hash = "sha256:2d82818f5bb3e369420cb3c4060a7970edba416647068eb4c5343488a6c604a8", size = 4252, upload-time = "2019-10-17T22:38:58.685Z" }
wheels = [
    { url = "https://files.pythonhosted.org/packages/5c/eb/975c7c080f3223a5cdaff09612f3a5221e4ba534f7039db34c35d95fa6a5/mypy_extensions-0.4.3-py2.py3-none-any.whl", hash = "sha256:090fedd75945a69ae91ce1303b5824f428daf5a028d2f6ab8a299250a846f15d", size = 4470, upload-time = "2019-10-17T22:38:56.922Z" },
]

[[package]]
name = "pathspec"
version = "0.9.0"
source = { registry = "https://pypi.org/simple" }
sdist = { url = "https://files.pythonhosted.org/packages/f6/33/436c5cb94e9f8902e59d1d544eb298b83c84b9ec37b5b769c5a0ad6edb19/pathspec-0.9.0.tar.gz", hash = "sha256:e564499435a2673d586f6b2130bb5b95f04a3ba06f81b8f895b651a3c76aabb1", size = 29483, upload-time = "2021-07-18T00:27:56.81Z" }
wheels = [
    { url = "https://files.pythonhosted.org/packages/42/ba/a9d64c7bcbc7e3e8e5f93a52721b377e994c22d16196e2b0f1236774353a/pathspec-0.9.0-py2.py3-none-any.whl", hash = "sha256:7d15c4ddb0b5c802d161efc417ec1a2558ea2653c2e8ad9c19098201dc1c993a", size = 31165, upload-time = "2021-07-18T00:27:58.275Z" },
]

[[package]]
name = "platformdirs"
version = "2.4.0"
source = { registry = "https://pypi.org/simple" }
sdist = { url = "https://files.pythonhosted.org/packages/4b/96/d70b9462671fbeaacba4639ff866fb4e9e558580853fc5d6e698d0371ad4/platformdirs-2.4.0.tar.gz", hash = "sha256:367a5e80b3d04d2428ffa76d33f124cf11e8fff2acdaa9b43d545f5c7d661ef2", size = 24051, upload-time = "2021-09-25T20:46:06.59Z" }
wheels = [
    { url = "https://files.pythonhosted.org/packages/b1/78/dcfd84d3aabd46a9c77260fb47ea5d244806e4daef83aa6fe5d83adb182c/platformdirs-2.4.0-py3-none-any.whl", hash = "sha256:8868bbe3c3c80d42f20156f22e7131d2fb321f5bc86a2a345375c6481a67021d", size = 14400, upload-time = "2021-09-25T20:46:05.161Z" },
]

[[package]]
name = "pyyaml"
version = "6.0.1"
source = { registry = "https://pypi.org/simple" }
sdist = { url = "https://files.pythonhosted.org/packages/cd/e5/af35f7ea75cf72f2cd079c95ee16797de7cd71f29ea7c68ae5ce7be1eda0/PyYAML-6.0.1.tar.gz", hash = "sha256:bfdf460b1736c775f2ba9f6a92bca30bc2095067b8a9d77876d1fad6cc3b4a43", size = 125201, upload-time = "2023-07-18T00:00:23.308Z" }
wheels = [
    { url = "https://files.pythonhosted.org/packages/96/06/4beb652c0fe16834032e54f0956443d4cc797fe645527acee59e7deaa0a2/PyYAML-6.0.1-cp310-cp310-macosx_10_9_x86_64.whl", hash = "sha256:d858aa552c999bc8a8d57426ed01e40bef403cd8ccdd0fc5f6f04a00414cac2a", size = 189447, upload-time = "2023-07-17T23:57:04.325Z" },
    { url = "https://files.pythonhosted.org/packages/5b/07/10033a403b23405a8fc48975444463d3d10a5c2736b7eb2550b07b367429/PyYAML-6.0.1-cp310-cp310-macosx_11_0_arm64.whl", hash = "sha256:fd66fc5d0da6d9815ba2cebeb4205f95818ff4b79c3ebe268e75d961704af52f", size = 169264, upload-time = "2023-07-17T23:57:07.787Z" },
    { url = "https://files.pythonhosted.org/packages/f1/26/55e4f21db1f72eaef092015d9017c11510e7e6301c62a6cfee91295d13c6/PyYAML-6.0.1-cp310-cp310-manylinux_2_17_aarch64.manylinux2014_aarch64.whl", hash = "sha256:69b023b2b4daa7548bcfbd4aa3da05b3a74b772db9e23b982788168117739938", size = 677003, upload-time = "2023-07-17T23:57:13.144Z" },
    { url = "https://files.pythonhosted.org/packages/ba/91/090818dfa62e85181f3ae23dd1e8b7ea7f09684864a900cab72d29c57346/PyYAML-6.0.1-cp310-cp310-manylinux_2_17_s390x.manylinux2014_s390x.whl", hash = "sha256:81e0b275a9ecc9c0c0c07b4b90ba548307583c125f54d5b6946cfee6360c733d", size = 699070, upload-time = "2023-07-17T23:57:19.402Z" },
    { url = "https://files.pythonhosted.org/packages/29/61/bf33c6c85c55bc45a29eee3195848ff2d518d84735eb0e2d8cb42e0d285e/PyYAML-6.0.1-cp310-cp310-manylinux_2_17_x86_64.manylinux2014_x86_64.whl", hash = "sha256:ba336e390cd8e4d1739f42dfe9bb83a3cc2e80f567d8805e11b46f4a943f5515", size = 705525, upload-time = "2023-07-17T23:57:25.272Z" },
    { url = "https://files.pythonhosted.org/packages/07/91/45dfd0ef821a7f41d9d0136ea3608bb5b1653e42fd56a7970532cb5c003f/PyYAML-6.0.1-cp310-cp310-musllinux_1_1_x86_64.whl", hash = "sha256:326c013efe8048858a6d312ddd31d56e468118ad4cdeda36c719bf5bb6192290", size = 707514, upload-time = "2023-08-28T18:43:20.945Z" },
    { url = "https://files.pythonhosted.org/packages/b6/a0/b6700da5d49e9fed49dc3243d3771b598dad07abb37cc32e524607f96adc/PyYAML-6.0.1-cp310-cp310-win32.whl", hash = "sha256:bd4af7373a854424dabd882decdc5579653d7868b8fb26dc7d0e99f823aa5924", size = 130488, upload-time = "2023-07-17T23:57:28.144Z" },
    { url = "https://files.pythonhosted.org/packages/24/97/9b59b43431f98d01806b288532da38099cc6f2fea0f3d712e21e269c0279/PyYAML-6.0.1-cp310-cp310-win_amd64.whl", hash = "sha256:fd1592b3fdf65fff2ad0004b5e363300ef59ced41c2e6b3a99d4089fa8c5435d", size = 145338, upload-time = "2023-07-17T23:57:31.118Z" },
    { url = "https://files.pythonhosted.org/packages/ec/0d/26fb23e8863e0aeaac0c64e03fd27367ad2ae3f3cccf3798ee98ce160368/PyYAML-6.0.1-cp311-cp311-macosx_10_9_x86_64.whl", hash = "sha256:6965a7bc3cf88e5a1c3bd2e0b5c22f8d677dc88a455344035f03399034eb3007", size = 187867, upload-time = "2023-07-17T23:57:34.35Z" },
    { url = "https://files.pythonhosted.org/packages/28/09/55f715ddbf95a054b764b547f617e22f1d5e45d83905660e9a088078fe67/PyYAML-6.0.1-cp311-cp311-macosx_11_0_arm64.whl", hash = "sha256:f003ed9ad21d6a4713f0a9b5a7a0a79e08dd0f221aff4525a2be4c346ee60aab", size = 167530, upload-time = "2023-07-17T23:57:36.975Z" },
    { url = "https://files.pythonhosted.org/packages/5e/94/7d5ee059dfb92ca9e62f4057dcdec9ac08a9e42679644854dc01177f8145/PyYAML-6.0.1-cp311-cp311-manylinux_2_17_aarch64.manylinux2014_aarch64.whl", hash = "sha256:42f8152b8dbc4fe7d96729ec2b99c7097d656dc1213a3229ca5383f973a5ed6d", size = 732244, upload-time = "2023-07-17T23:57:43.774Z" },
    { url = "https://files.pythonhosted.org/packages/06/92/e0224aa6ebf9dc54a06a4609da37da40bb08d126f5535d81bff6b417b2ae/PyYAML-6.0.1-cp311-cp311-manylinux_2_17_s390x.manylinux2014_s390x.whl", hash = "sha256:062582fca9fabdd2c8b54a3ef1c978d786e0f6b3a1510e0ac93ef59e0ddae2bc", size = 752871, upload-time = "2023-07-17T23:57:51.921Z" },
    { url = "https://files.pythonhosted.org/packages/7b/5e/efd033ab7199a0b2044dab3b9f7a4f6670e6a52c089de572e928d2873b06/PyYAML-6.0.1-cp311-cp311-manylinux_2_17_x86_64.manylinux2014_x86_64.whl", hash = "sha256:d2b04aac4d386b172d5b9692e2d2da8de7bfb6c387fa4f801fbf6fb2e6ba4673", size = 757729, upload-time = "2023-07-17T23:57:59.865Z" },
    { url = "https://files.pythonhosted.org/packages/03/5c/c4671451b2f1d76ebe352c0945d4cd13500adb5d05f5a51ee296d80152f7/PyYAML-6.0.1-cp311-cp311-musllinux_1_1_x86_64.whl", hash = "sha256:e7d73685e87afe9f3b36c799222440d6cf362062f78be1013661b00c5c6f678b", size = 748528, upload-time = "2023-08-28T18:43:23.207Z" },
    { url = "https://files.pythonhosted.org/packages/73/9c/766e78d1efc0d1fca637a6b62cea1b4510a7fb93617eb805223294fef681/PyYAML-6.0.1-cp311-cp311-win32.whl", hash = "sha256:1635fd110e8d85d55237ab316b5b011de701ea0f29d07611174a1b42f1444741", size = 130286, upload-time = "2023-07-17T23:58:02.964Z" },
    { url = "https://files.pythonhosted.org/packages/b3/34/65bb4b2d7908044963ebf614fe0fdb080773fc7030d7e39c8d3eddcd4257/PyYAML-6.0.1-cp311-cp311-win_amd64.whl", hash = "sha256:bf07ee2fef7014951eeb99f56f39c9bb4af143d8aa3c21b1677805985307da34", size = 144699, upload-time = "2023-07-17T23:58:05.586Z" },
    { url = "https://files.pythonhosted.org/packages/bc/06/1b305bf6aa704343be85444c9d011f626c763abb40c0edc1cad13bfd7f86/PyYAML-6.0.1-cp312-cp312-macosx_10_9_x86_64.whl", hash = "sha256:855fb52b0dc35af121542a76b9a84f8d1cd886ea97c84703eaa6d88e37a2ad28", size = 178692, upload-time = "2023-08-28T18:43:24.924Z" },
    { url = "https://files.pythonhosted.org/packages/84/02/404de95ced348b73dd84f70e15a41843d817ff8c1744516bf78358f2ffd2/PyYAML-6.0.1-cp312-cp312-macosx_11_0_arm64.whl", hash = "sha256:40df9b996c2b73138957fe23a16a4f0ba614f4c0efce1e9406a184b6d07fa3a9", size = 165622, upload-time = "2023-08-28T18:43:26.54Z" },
    { url = "https://files.pythonhosted.org/packages/c7/4c/4a2908632fc980da6d918b9de9c1d9d7d7e70b2672b1ad5166ed27841ef7/PyYAML-6.0.1-cp312-cp312-manylinux_2_17_aarch64.manylinux2014_aarch64.whl", hash = "sha256:a08c6f0fe150303c1c6b71ebcd7213c2858041a7e01975da3a99aed1e7a378ef", size = 696937, upload-time = "2024-01-18T20:40:22.92Z" },
    { url = "https://files.pythonhosted.org/packages/b4/33/720548182ffa8344418126017aa1d4ab4aeec9a2275f04ce3f3573d8ace8/PyYAML-6.0.1-cp312-cp312-manylinux_2_17_x86_64.manylinux2014_x86_64.whl", hash = "sha256:6c22bec3fbe2524cde73d7ada88f6566758a8f7227bfbf93a408a9d86bcc12a0", size = 724969, upload-time = "2023-08-28T18:43:28.56Z" },
    { url = "https://files.pythonhosted.org/packages/4f/78/77b40157b6cb5f2d3d31a3d9b2efd1ba3505371f76730d267e8b32cf4b7f/PyYAML-6.0.1-cp312-cp312-musllinux_1_1_x86_64.whl", hash = "sha256:8d4e9c88387b0f5c7d5f281e55304de64cf7f9c0021a3525bd3b1c542da3b0e4", size = 712604, upload-time = "2023-08-28T18:43:30.206Z" },
    { url = "https://files.pythonhosted.org/packages/2e/97/3e0e089ee85e840f4b15bfa00e4e63d84a3691ababbfea92d6f820ea6f21/PyYAML-6.0.1-cp312-cp312-win32.whl", hash = "sha256:d483d2cdf104e7c9fa60c544d92981f12ad66a457afae824d146093b8c294c54", size = 126098, upload-time = "2023-08-28T18:43:31.835Z" },
    { url = "https://files.pythonhosted.org/packages/2b/9f/fbade56564ad486809c27b322d0f7e6a89c01f6b4fe208402e90d4443a99/PyYAML-6.0.1-cp312-cp312-win_amd64.whl", hash = "sha256:0d3304d8c0adc42be59c5f8a4d9e3d7379e6955ad754aa9d6ab7a398b59dd1df", size = 138675, upload-time = "2023-08-28T18:43:33.613Z" },
]

[[package]]
name = "regex"
version = "2024.5.15"
source = { registry = "https://pypi.org/simple" }
sdist = { url = "https://files.pythonhosted.org/packages/7a/db/5ddc89851e9cc003929c3b08b9b88b429459bf9acbf307b4556d51d9e49b/regex-2024.5.15.tar.gz", hash = "sha256:d3ee02d9e5f482cc8309134a91eeaacbdd2261ba111b0fef3748eeb4913e6a2c", size = 394856, upload-time = "2024-05-15T16:17:45.17Z" }
wheels = [
    { url = "https://files.pythonhosted.org/packages/92/c0/3560006e0f4f0658a5c5be457102f8d8a9577c31b23c893421da8fbac657/regex-2024.5.15-cp310-cp310-macosx_10_9_universal2.whl", hash = "sha256:a81e3cfbae20378d75185171587cbf756015ccb14840702944f014e0d93ea09f", size = 469692, upload-time = "2024-05-15T16:12:43.751Z" },
    { url = "https://files.pythonhosted.org/packages/b3/fe/5d5baa25962c287520299a038517b689955307ef1b2b07fbd3044baaeef6/regex-2024.5.15-cp310-cp310-macosx_10_9_x86_64.whl", hash = "sha256:7b59138b219ffa8979013be7bc85bb60c6f7b7575df3d56dc1e403a438c7a3f6", size = 281696, upload-time = "2024-05-15T16:12:49.317Z" },
    { url = "https://files.pythonhosted.org/packages/97/d5/f2867ce2b016e2bce4f3d2336dd00bd76743131f586e08f816f05111a737/regex-2024.5.15-cp310-cp310-macosx_11_0_arm64.whl", hash = "sha256:a0bd000c6e266927cb7a1bc39d55be95c4b4f65c5be53e659537537e019232b1", size = 278335, upload-time = "2024-05-15T16:12:52.815Z" },
    { url = "https://files.pythonhosted.org/packages/05/42/0916a746d6a9dcae676df165ff8e6b3d565a3027bfdb854ad92370434bee/regex-2024.5.15-cp310-cp310-manylinux_2_17_aarch64.manylinux2014_aarch64.whl", hash = "sha256:5eaa7ddaf517aa095fa8da0b5015c44d03da83f5bd49c87961e3c997daed0de7", size = 775226, upload-time = "2024-05-15T16:12:56.402Z" },
    { url = "https://files.pythonhosted.org/packages/e9/84/aac4f5d23089b9e7a9ade13fb27fdf30059ed5f8b7e5803f03c52a9ea73e/regex-2024.5.15-cp310-cp310-manylinux_2_17_ppc64le.manylinux2014_ppc64le.whl", hash = "sha256:ba68168daedb2c0bab7fd7e00ced5ba90aebf91024dea3c88ad5063c2a562cca", size = 815122, upload-time = "2024-05-15T16:12:59.608Z" },
    { url = "https://files.pythonhosted.org/packages/8a/7b/76ec3c78786ac0997305986e5381970626d8a0e7250849190b6c2297610d/regex-2024.5.15-cp310-cp310-manylinux_2_17_s390x.manylinux2014_s390x.whl", hash = "sha256:6e8d717bca3a6e2064fc3a08df5cbe366369f4b052dcd21b7416e6d71620dca1", size = 801626, upload-time = "2024-05-15T16:13:02.967Z" },
    { url = "https://files.pythonhosted.org/packages/07/17/5d92509b4dccacf9767d8607112c19667e15db2428014440bae4356b8aff/regex-2024.5.15-cp310-cp310-manylinux_2_17_x86_64.manylinux2014_x86_64.whl", hash = "sha256:1337b7dbef9b2f71121cdbf1e97e40de33ff114801263b275aafd75303bd62b5", size = 775128, upload-time = "2024-05-15T16:13:06.959Z" },
    { url = "https://files.pythonhosted.org/packages/89/07/f0bc7cdbf011b4b2d30ebfcf8b44fca0e927128093efcc885dc9a66b9c46/regex-2024.5.15-cp310-cp310-manylinux_2_5_i686.manylinux1_i686.manylinux_2_17_i686.manylinux2014_i686.whl", hash = "sha256:f9ebd0a36102fcad2f03696e8af4ae682793a5d30b46c647eaf280d6cfb32796", size = 763124, upload-time = "2024-05-15T16:13:10.147Z" },
    { url = "https://files.pythonhosted.org/packages/cc/26/737399c7bbf41a40f1b998b3c60bc900d5c8e448bf32e8cef43d88d8013c/regex-2024.5.15-cp310-cp310-manylinux_2_5_x86_64.manylinux1_x86_64.manylinux_2_12_x86_64.manylinux2010_x86_64.whl", hash = "sha256:9efa1a32ad3a3ea112224897cdaeb6aa00381627f567179c0314f7b65d354c62", size = 689661, upload-time = "2024-05-15T16:13:15.117Z" },
    { url = "https://files.pythonhosted.org/packages/31/c3/fadf9028db37fa6baf186a0f6eacd797ff3ea5666d25953f013c8e9f2b4b/regex-2024.5.15-cp310-cp310-musllinux_1_2_aarch64.whl", hash = "sha256:1595f2d10dff3d805e054ebdc41c124753631b6a471b976963c7b28543cf13b0", size = 758123, upload-time = "2024-05-15T16:13:19.863Z" },
    { url = "https://files.pythonhosted.org/packages/10/0c/51611b7e8dd2c0dcda321a448aad9ab030aa2a3487c2169c7fb77926a875/regex-2024.5.15-cp310-cp310-musllinux_1_2_i686.whl", hash = "sha256:b802512f3e1f480f41ab5f2cfc0e2f761f08a1f41092d6718868082fc0d27143", size = 768153, upload-time = "2024-05-15T16:13:23.416Z" },
    { url = "https://files.pythonhosted.org/packages/1a/f2/47105d2ecb07f0e7af4204a46766968314ecb1d663b6db684286ea711344/regex-2024.5.15-cp310-cp310-musllinux_1_2_ppc64le.whl", hash = "sha256:a0981022dccabca811e8171f913de05720590c915b033b7e601f35ce4ea7019f", size = 839716, upload-time = "2024-05-15T16:13:28.388Z" },
    { url = "https://files.pythonhosted.org/packages/a0/ec/3e409758345f1bdd8d76a35f73ec051a833087f49fc00ae53c886a9cff01/regex-2024.5.15-cp310-cp310-musllinux_1_2_s390x.whl", hash = "sha256:19068a6a79cf99a19ccefa44610491e9ca02c2be3305c7760d3831d38a467a6f", size = 838144, upload-time = "2024-05-15T16:13:32.087Z" },
    { url = "https://files.pythonhosted.org/packages/ec/c4/f0a354c710acbf8ff9f6c39059bc9fa1ac811e79a7e52fd24d987917475f/regex-2024.5.15-cp310-cp310-musllinux_1_2_x86_64.whl", hash = "sha256:1b5269484f6126eee5e687785e83c6b60aad7663dafe842b34691157e5083e53", size = 765602, upload-time = "2024-05-15T16:13:37.788Z" },
    { url = "https://files.pythonhosted.org/packages/40/80/b3d8ee44f1ea21cf09a0f31d62dfe98c3b499ec6ce8c1b3d0367bf1b7029/regex-2024.5.15-cp310-cp310-win32.whl", hash = "sha256:ada150c5adfa8fbcbf321c30c751dc67d2f12f15bd183ffe4ec7cde351d945b3", size = 256909, upload-time = "2024-05-15T16:13:41.267Z" },
    { url = "https://files.pythonhosted.org/packages/4b/74/3d4e9afeff34c24f64e04f39af6adb5164622d7c02d2fd4f3f18c5ec5148/regex-2024.5.15-cp310-cp310-win_amd64.whl", hash = "sha256:ac394ff680fc46b97487941f5e6ae49a9f30ea41c6c6804832063f14b2a5a145", size = 268977, upload-time = "2024-05-15T16:13:45.836Z" },
    { url = "https://files.pythonhosted.org/packages/8b/3a/752689537c98613ea2386784d60f7c791f05eee7a61a02a0ba8aa6c515b4/regex-2024.5.15-cp311-cp311-macosx_10_9_universal2.whl", hash = "sha256:f5b1dff3ad008dccf18e652283f5e5339d70bf8ba7c98bf848ac33db10f7bc7a", size = 469690, upload-time = "2024-05-15T16:13:49.097Z" },
    { url = "https://files.pythonhosted.org/packages/2b/8b/1801c93783cc86bc72ed96f836ee81ea1e42c9f7bbf193aece9878c3fae5/regex-2024.5.15-cp311-cp311-macosx_10_9_x86_64.whl", hash = "sha256:c6a2b494a76983df8e3d3feea9b9ffdd558b247e60b92f877f93a1ff43d26656", size = 281701, upload-time = "2024-05-15T16:13:52.108Z" },
    { url = "https://files.pythonhosted.org/packages/c3/43/29ef9c42ae1e764a98510af1c610bf9f4b90a97a04fabe9396d6b73b0cc4/regex-2024.5.15-cp311-cp311-macosx_11_0_arm64.whl", hash = "sha256:a32b96f15c8ab2e7d27655969a23895eb799de3665fa94349f3b2fbfd547236f", size = 278331, upload-time = "2024-05-15T16:13:55.866Z" },
    { url = "https://files.pythonhosted.org/packages/7d/ba/cbbcdad38b40f1fa36eee1a130051d8e3cd2bd40d3a2a7bce4cf6ff82190/regex-2024.5.15-cp311-cp311-manylinux_2_17_aarch64.manylinux2014_aarch64.whl", hash = "sha256:10002e86e6068d9e1c91eae8295ef690f02f913c57db120b58fdd35a6bb1af35", size = 783056, upload-time = "2024-05-15T16:13:59.357Z" },
    { url = "https://files.pythonhosted.org/packages/3b/c5/4fea63c46a094d19a14b5b6f5fd4114e6da207ae154c227449d1fadfbf33/regex-2024.5.15-cp311-cp311-manylinux_2_17_ppc64le.manylinux2014_ppc64le.whl", hash = "sha256:ec54d5afa89c19c6dd8541a133be51ee1017a38b412b1321ccb8d6ddbeb4cf7d", size = 824008, upload-time = "2024-05-15T16:14:04.379Z" },
    { url = "https://files.pythonhosted.org/packages/3f/51/36aa11beba9c2f3d1598dd40e4b9f7f2e755106e7ab1674d64b526b86d77/regex-2024.5.15-cp311-cp311-manylinux_2_17_s390x.manylinux2014_s390x.whl", hash = "sha256:10e4ce0dca9ae7a66e6089bb29355d4432caed736acae36fef0fdd7879f0b0cb", size = 811160, upload-time = "2024-05-15T16:14:07.883Z" },
    { url = "https://files.pythonhosted.org/packages/39/29/8158a6e69e97b9c72fab0b46fe4d57c789d07ef91fe4afde23721e7cac61/regex-2024.5.15-cp311-cp311-manylinux_2_17_x86_64.manylinux2014_x86_64.whl", hash = "sha256:3e507ff1e74373c4d3038195fdd2af30d297b4f0950eeda6f515ae3d84a1770f", size = 785004, upload-time = "2024-05-15T16:14:10.819Z" },
    { url = "https://files.pythonhosted.org/packages/f3/6b/60e12bdef54f4d937ffc45a0bdf53ffdc90b604dd170b7eabd603ad6e876/regex-2024.5.15-cp311-cp311-manylinux_2_5_i686.manylinux1_i686.manylinux_2_17_i686.manylinux2014_i686.whl", hash = "sha256:d1f059a4d795e646e1c37665b9d06062c62d0e8cc3c511fe01315973a6542e40", size = 771938, upload-time = "2024-05-15T16:14:14.064Z" },
    { url = "https://files.pythonhosted.org/packages/1d/a4/d1f17f6ba68a6a926d067f847289576145aabaa18b9418f6ebc3a85e7881/regex-2024.5.15-cp311-cp311-musllinux_1_2_aarch64.whl", hash = "sha256:0721931ad5fe0dda45d07f9820b90b2148ccdd8e45bb9e9b42a146cb4f695649", size = 769190, upload-time = "2024-05-15T16:14:17.389Z" },
    { url = "https://files.pythonhosted.org/packages/59/49/2fc4ae9039b7f7b0905ea4080c29e64d0880aa4c169862210d0abac675fe/regex-2024.5.15-cp311-cp311-musllinux_1_2_i686.whl", hash = "sha256:833616ddc75ad595dee848ad984d067f2f31be645d603e4d158bba656bbf516c", size = 776668, upload-time = "2024-05-15T16:14:21.527Z" },
    { url = "https://files.pythonhosted.org/packages/a9/e1/476dd75cfc338ca415adf1a85357f8e8c4d81a01555efa5ceaf6480a6c20/regex-2024.5.15-cp311-cp311-musllinux_1_2_ppc64le.whl", hash = "sha256:287eb7f54fc81546346207c533ad3c2c51a8d61075127d7f6d79aaf96cdee890", size = 848402, upload-time = "2024-05-15T16:14:25.426Z" },
    { url = "https://files.pythonhosted.org/packages/05/59/3bc9904120829c33badf6ba320e7cbaeed752e40312d9c402c4db822b117/regex-2024.5.15-cp311-cp311-musllinux_1_2_s390x.whl", hash = "sha256:19dfb1c504781a136a80ecd1fff9f16dddf5bb43cec6871778c8a907a085bb3d", size = 848872, upload-time = "2024-05-15T16:14:28.832Z" },
    { url = "https://files.pythonhosted.org/packages/c3/ea/a4d91ae20f0b46aabfed25a251dfa53aa8ac040bfdca0dfe0476ad755812/regex-2024.5.15-cp311-cp311-musllinux_1_2_x86_64.whl", hash = "sha256:119af6e56dce35e8dfb5222573b50c89e5508d94d55713c75126b753f834de68", size = 774017, upload-time = "2024-05-15T16:14:32.535Z" },
    { url = "https://files.pythonhosted.org/packages/e4/fe/9a87e818a2156758b165836e8f4f91b4a192e0bbe9891f7112eefd7348f9/regex-2024.5.15-cp311-cp311-win32.whl", hash = "sha256:1c1c174d6ec38d6c8a7504087358ce9213d4332f6293a94fbf5249992ba54efa", size = 256909, upload-time = "2024-05-15T16:14:36.014Z" },
    { url = "https://files.pythonhosted.org/packages/ef/9b/0aa55fc101c803869c13b389b718b15810592d2df35b1af15ff5b6f48e16/regex-2024.5.15-cp311-cp311-win_amd64.whl", hash = "sha256:9e717956dcfd656f5055cc70996ee2cc82ac5149517fc8e1b60261b907740201", size = 268978, upload-time = "2024-05-15T16:14:38.956Z" },
    { url = "https://files.pythonhosted.org/packages/a5/8b/c691130b860aa5031843b205a2f66127025654bd73b67f4e9ee1bae21dff/regex-2024.5.15-cp312-cp312-macosx_10_9_universal2.whl", hash = "sha256:632b01153e5248c134007209b5c6348a544ce96c46005d8456de1d552455b014", size = 470756, upload-time = "2024-05-15T16:14:42.021Z" },
    { url = "https://files.pythonhosted.org/packages/08/a0/cf83a234887261d59320da1f7ba68222d097b0c92169d4db63bb7b8237f0/regex-2024.5.15-cp312-cp312-macosx_10_9_x86_64.whl", hash = "sha256:e64198f6b856d48192bf921421fdd8ad8eb35e179086e99e99f711957ffedd6e", size = 282379, upload-time = "2024-05-15T16:14:45.877Z" },
    { url = "https://files.pythonhosted.org/packages/23/d3/65db07106b4584b62b1ec0061277c54f565da92d91f0a211057faccb841b/regex-2024.5.15-cp312-cp312-macosx_11_0_arm64.whl", hash = "sha256:68811ab14087b2f6e0fc0c2bae9ad689ea3584cad6917fc57be6a48bbd012c49", size = 278543, upload-time = "2024-05-15T16:14:49.275Z" },
    { url = "https://files.pythonhosted.org/packages/16/f5/da67226c6760213777afcf04b9b09a50b0c4c3409af2b2fa1d1db1e5af2e/regex-2024.5.15-cp312-cp312-manylinux_2_17_aarch64.manylinux2014_aarch64.whl", hash = "sha256:f8ec0c2fea1e886a19c3bee0cd19d862b3aa75dcdfb42ebe8ed30708df64687a", size = 786043, upload-time = "2024-05-15T16:14:52.706Z" },
    { url = "https://files.pythonhosted.org/packages/89/17/37884a94cbddad4ddd147cc7adc065db092e31a3c9a5b095ed8043e92105/regex-2024.5.15-cp312-cp312-manylinux_2_17_ppc64le.manylinux2014_ppc64le.whl", hash = "sha256:d0c0c0003c10f54a591d220997dd27d953cd9ccc1a7294b40a4be5312be8797b", size = 829279, upload-time = "2024-05-15T16:14:56.215Z" },
    { url = "https://files.pythonhosted.org/packages/22/67/eae3d0f204819212e5da5294c345094f623a2a60d2ff0f81d05048ba0796/regex-2024.5.15-cp312-cp312-manylinux_2_17_s390x.manylinux2014_s390x.whl", hash = "sha256:2431b9e263af1953c55abbd3e2efca67ca80a3de8a0437cb58e2421f8184717a", size = 815503, upload-time = "2024-05-15T16:15:00.022Z" },
    { url = "https://files.pythonhosted.org/packages/91/28/a187c6eccd980454b668e837df35ad0935989a6b00b9288bc094296bc2f6/regex-2024.5.15-cp312-cp312-manylinux_2_17_x86_64.manylinux2014_x86_64.whl", hash = "sha256:4a605586358893b483976cffc1723fb0f83e526e8f14c6e6614e75919d9862cf", size = 788777, upload-time = "2024-05-15T16:15:05.392Z" },
    { url = "https://files.pythonhosted.org/packages/c0/f3/7f528c4d5190cc0255265df8f64ab102cf33d789f2db801a3f6aac4eb9f8/regex-2024.5.15-cp312-cp312-manylinux_2_5_i686.manylinux1_i686.manylinux_2_17_i686.manylinux2014_i686.whl", hash = "sha256:391d7f7f1e409d192dba8bcd42d3e4cf9e598f3979cdaed6ab11288da88cb9f2", size = 776397, upload-time = "2024-05-15T16:15:10.827Z" },
    { url = "https://files.pythonhosted.org/packages/05/6b/7a8c6a1c4732d5dd24eb7f6724ff39159499737b23a2a908b03239027dd4/regex-2024.5.15-cp312-cp312-musllinux_1_2_aarch64.whl", hash = "sha256:9ff11639a8d98969c863d4617595eb5425fd12f7c5ef6621a4b74b71ed8726d5", size = 774191, upload-time = "2024-05-15T16:15:14.921Z" },
    { url = "https://files.pythonhosted.org/packages/ed/cf/181144fd185b9e2b8dc02ded9157bdec534e86dfe2719089a890f9a5652f/regex-2024.5.15-cp312-cp312-musllinux_1_2_i686.whl", hash = "sha256:4eee78a04e6c67e8391edd4dad3279828dd66ac4b79570ec998e2155d2e59fd5", size = 784029, upload-time = "2024-05-15T16:15:19.343Z" },
    { url = "https://files.pythonhosted.org/packages/25/ac/ef2a2f0592b586e60a3bb4d92e836fdf18f2a31fb42de701fdb6e15e0bf5/regex-2024.5.15-cp312-cp312-musllinux_1_2_ppc64le.whl", hash = "sha256:8fe45aa3f4aa57faabbc9cb46a93363edd6197cbc43523daea044e9ff2fea83e", size = 853356, upload-time = "2024-05-15T16:15:23.812Z" },
    { url = "https://files.pythonhosted.org/packages/a1/05/9bc8484864f082cbedd0beb614689cd56beac357c9e758b4328d9f97a180/regex-2024.5.15-cp312-cp312-musllinux_1_2_s390x.whl", hash = "sha256:d0a3d8d6acf0c78a1fff0e210d224b821081330b8524e3e2bc5a68ef6ab5803d", size = 852760, upload-time = "2024-05-15T16:15:27.653Z" },
    { url = "https://files.pythonhosted.org/packages/54/43/9d781f882044011ed9e173ef2857d4f0b9944cd3949db4af7e4ae76703b8/regex-2024.5.15-cp312-cp312-musllinux_1_2_x86_64.whl", hash = "sha256:c486b4106066d502495b3025a0a7251bf37ea9540433940a23419461ab9f2a80", size = 779488, upload-time = "2024-05-15T16:15:31.211Z" },
    { url = "https://files.pythonhosted.org/packages/07/2a/3c22a4aaca4fe952146d147fa3ceb497c048d2dda6f65a43917cb8676cc9/regex-2024.5.15-cp312-cp312-win32.whl", hash = "sha256:c49e15eac7c149f3670b3e27f1f28a2c1ddeccd3a2812cba953e01be2ab9b5fe", size = 257290, upload-time = "2024-05-15T16:15:34.198Z" },
    { url = "https://files.pythonhosted.org/packages/8b/ee/05f14a99a81f1a897a9146f3f565efb116ad6412f875f52e895c02666825/regex-2024.5.15-cp312-cp312-win_amd64.whl", hash = "sha256:673b5a6da4557b975c6c90198588181029c60793835ce02f497ea817ff647cb2", size = 268471, upload-time = "2024-05-15T16:15:38.615Z" },
]

[[package]]
name = "schema"
version = "0.7.7"
source = { registry = "https://pypi.org/simple" }
sdist = { url = "https://files.pythonhosted.org/packages/d4/01/0ea2e66bad2f13271e93b729c653747614784d3ebde219679e41ccdceecd/schema-0.7.7.tar.gz", hash = "sha256:7da553abd2958a19dc2547c388cde53398b39196175a9be59ea1caf5ab0a1807", size = 44245, upload-time = "2024-05-04T10:56:17.318Z" }
wheels = [
    { url = "https://files.pythonhosted.org/packages/ad/1b/81855a88c6db2b114d5b2e9f96339190d5ee4d1b981d217fa32127bb00e0/schema-0.7.7-py2.py3-none-any.whl", hash = "sha256:5d976a5b50f36e74e2157b47097b60002bd4d42e65425fcc9c9befadb4255dde", size = 18632, upload-time = "2024-05-04T10:56:13.86Z" },
]

[[package]]
name = "tomli"
version = "1.2.2"
source = { registry = "https://pypi.org/simple" }
sdist = { url = "https://files.pythonhosted.org/packages/aa/5b/62165da80cbc6e1779f342234c7ddc6c6bc9e64cef149046a9c0456f912b/tomli-1.2.2.tar.gz", hash = "sha256:c6ce0015eb38820eaf32b5db832dbc26deb3dd427bd5f6556cf0acac2c214fee", size = 15091, upload-time = "2021-10-25T09:51:03.676Z" }
wheels = [
    { url = "https://files.pythonhosted.org/packages/6d/6c/9908d4db66488217c665a9a5744319406e41f3c46fa5929a8886f2fe1090/tomli-1.2.2-py3-none-any.whl", hash = "sha256:f04066f68f5554911363063a30b108d2b5a5b1a010aa8b6132af78489fe3aade", size = 12118, upload-time = "2021-10-25T09:51:01Z" },
]

[[package]]
name = "typing-extensions"
version = "4.0.1"
source = { registry = "https://pypi.org/simple" }
sdist = { url = "https://files.pythonhosted.org/packages/0d/4a/60ba3706797b878016f16edc5fbaf1e222109e38d0fa4d7d9312cb53f8dd/typing_extensions-4.0.1.tar.gz", hash = "sha256:4ca091dea149f945ec56afb48dae714f21e8692ef22a395223bcd328961b6a0e", size = 22706, upload-time = "2021-12-01T01:45:39.576Z" }
wheels = [
    { url = "https://files.pythonhosted.org/packages/05/e4/baf0031e39cf545f0c9edd5b1a2ea12609b7fcba2d58e118b11753d68cf0/typing_extensions-4.0.1-py3-none-any.whl", hash = "sha256:7f001e5ac290a0c0401508864c7ec868be4e701886d5b573a9528ed3973d9d3b", size = 22816, upload-time = "2021-12-01T01:45:37.772Z" },
]

[[package]]
name = "yamcan"
version = "0.1.0"
source = { virtual = "." }
dependencies = [
    { name = "black" },
    { name = "click" },
    { name = "mako" },
    { name = "markupsafe" },
    { name = "mypy-extensions" },
    { name = "pathspec" },
    { name = "platformdirs" },
    { name = "pyyaml" },
    { name = "regex" },
    { name = "schema" },
    { name = "tomli" },
    { name = "typing-extensions" },
]

[package.metadata]
requires-dist = [
    { name = "black", specifier = "==21.12b0" },
    { name = "click", specifier = "==8.0.3" },
    { name = "mako", specifier = "==1.1.6" },
    { name = "markupsafe", specifier = "==2.0.1" },
    { name = "mypy-extensions", specifier = "==0.4.3" },
    { name = "pathspec", specifier = "==0.9.0" },
    { name = "platformdirs", specifier = "==2.4.0" },
    { name = "pyyaml", specifier = "==6.0.1" },
    { name = "regex", specifier = "==2024.5.15" },
    { name = "schema", specifier = "==0.7.7" },
    { name = "tomli", specifier = "==1.2.2" },
    { name = "typing-extensions", specifier = "==4.0.1" },
]
